// !$*UTF8*$!
{
	archiveVersion = 1;
	classes = {
	};
	objectVersion = 46;
	objects = {

/* Begin PBXBuildFile section */
		0207DA581B56EA530066E2B4 /* Images.xcassets in Resources */ = {isa = PBXBuildFile; fileRef = 0207DA571B56EA530066E2B4 /* Images.xcassets */; };
		0DF00DCCC0244EA88FE8134A /* libGTM_AddressBook.a in Frameworks */ = {isa = PBXBuildFile; fileRef = 9F1315F53E3F4E42AF0C3672 /* libGTM_AddressBook.a */; };
		105423FFF1494894956B62C7 /* AssetBundle.swift in Sources */ = {isa = PBXBuildFile; fileRef = B8ED84B1C4094DFE8CAAB25E /* AssetBundle.swift */; };
		139699CE8F744E67A10743C3 /* WebAppLocalServer.swift in Sources */ = {isa = PBXBuildFile; fileRef = 584407E3E94B4DC6AEA47F81 /* WebAppLocalServer.swift */; };
		13CAC651949B42D4B9CEE61E /* libGcmLib.a in Frameworks */ = {isa = PBXBuildFile; fileRef = F62FB137EEDD49289EB324B3 /* libGcmLib.a */; };
		1413E8CF532E48CA8D1856CF /* libGTM_core.a in Frameworks */ = {isa = PBXBuildFile; fileRef = F819C78477914FDC90AABEA6 /* libGTM_core.a */; };
		167AB1EED11E4C70808AC2E9 /* libGTM_StringEncoding.a in Frameworks */ = {isa = PBXBuildFile; fileRef = 89BBF75A02B443039FCDD64E /* libGTM_StringEncoding.a */; };
		1D0BAAE39DBE4BAF9CF98C91 /* libsqlite3.tbd in Frameworks */ = {isa = PBXBuildFile; fileRef = FA67B12D1EAC46A38E989125 /* libsqlite3.tbd */; };
		1D3623260D0F684500981E51 /* AppDelegate.m in Sources */ = {isa = PBXBuildFile; fileRef = 1D3623250D0F684500981E51 /* AppDelegate.m */; };
		1D60589B0D05DD56006BFB54 /* main.m in Sources */ = {isa = PBXBuildFile; fileRef = 29B97316FDCFA39411CA2CEA /* main.m */; };
		1F2C06C1A5A949988C96BF6F /* AssetBundleManager.swift in Sources */ = {isa = PBXBuildFile; fileRef = B469D299520741138D226E76 /* AssetBundleManager.swift */; };
		2284FC88A73143CBAA6689AE /* WebAppConfiguration.swift in Sources */ = {isa = PBXBuildFile; fileRef = D600AEC74ADE4EDEA3424302 /* WebAppConfiguration.swift */; };
		24B28544D01241EDA2DAC9F7 /* libGTMStackTrace.a in Frameworks */ = {isa = PBXBuildFile; fileRef = 57E2E0576CE64BB8BA8486C5 /* libGTMStackTrace.a */; };
		260875884A7745C39BD163B8 /* GCDWebServerDataResponse.m in Sources */ = {isa = PBXBuildFile; fileRef = F2EE6748C6294AF69F2FACC0 /* GCDWebServerDataResponse.m */; };
		27DE00C424414C44BF73BDC1 /* AppDelegate+notification.m in Sources */ = {isa = PBXBuildFile; fileRef = 2C06930F89454E54B65075DA /* AppDelegate+notification.m */; };
		2A96132377B7408CA1158674 /* libGGLCore.a in Frameworks */ = {isa = PBXBuildFile; fileRef = 1D8AF7A9E84E4AF1A0A4369E /* libGGLCore.a */; };
		2B0A498086A149D781B9E7F1 /* GCDWebServerFileRequest.m in Sources */ = {isa = PBXBuildFile; fileRef = 0B04DFCB158F4AB1A9CBB315 /* GCDWebServerFileRequest.m */; };
		2B834A5A5C084D5F8EE98D17 /* libGTM_NSDictionary+URLArguments.a in Frameworks */ = {isa = PBXBuildFile; fileRef = D0E9408481B544BCAA16EC95 /* libGTM_NSDictionary+URLArguments.a */; };
		301BF552109A68D80062928A /* libCordova.a in Frameworks */ = {isa = PBXBuildFile; fileRef = 301BF535109A57CC0062928A /* libCordova.a */; };
		302D95F114D2391D003F00A1 /* MainViewController.m in Sources */ = {isa = PBXBuildFile; fileRef = 302D95EF14D2391D003F00A1 /* MainViewController.m */; };
		302D95F214D2391D003F00A1 /* MainViewController.xib in Resources */ = {isa = PBXBuildFile; fileRef = 302D95F014D2391D003F00A1 /* MainViewController.xib */; };
		3B076C8A956D4368940D8BB9 /* libz.tbd in Frameworks */ = {isa = PBXBuildFile; fileRef = 5357D0BE79464441BC4C83F4 /* libz.tbd */; };
		3D64AEC326E94CA58B5A51C1 /* libGTM_NSStringXML.a in Frameworks */ = {isa = PBXBuildFile; fileRef = 5DF29F2C9805404BB0932070 /* libGTM_NSStringXML.a */; };
		3F7C0CA604674FDCA4A84027 /* libGTM_Regex.a in Frameworks */ = {isa = PBXBuildFile; fileRef = DF7CE6F437E84176A7002D00 /* libGTM_Regex.a */; };
		400946BCEC744EE7BA2ECC99 /* libProtocolBuffers.a in Frameworks */ = {isa = PBXBuildFile; fileRef = DD76DE865E98450F8240FE5C /* libProtocolBuffers.a */; };
		4062C411C8F04779A3B190F0 /* libGTMSessionFetcher_core.a in Frameworks */ = {isa = PBXBuildFile; fileRef = 38FC3F532216410FB7760A6D /* libGTMSessionFetcher_core.a */; };
		4818FEB02E1F456382E042B4 /* libGTM_GTMURLBuilder.a in Frameworks */ = {isa = PBXBuildFile; fileRef = E0F2CE58230E4BB2B2A2E7B5 /* libGTM_GTMURLBuilder.a */; };
		4935129145A54274A07C48CF /* Utility.swift in Sources */ = {isa = PBXBuildFile; fileRef = DD36B2130A3340C1BE4114EE /* Utility.swift */; };
		4FCBBA7BD563456DB968C88E /* libGTM_NSScannerJSON.a in Frameworks */ = {isa = PBXBuildFile; fileRef = AE45D5345AB840B09E48D2FB /* libGTM_NSScannerJSON.a */; };
		4FDA8FECEF34408992BF19AB /* METPlugin.m in Sources */ = {isa = PBXBuildFile; fileRef = 110A28CBA92148C0AC3D1F03 /* METPlugin.m */; };
		5053A62E91DC4357AD0F2EC0 /* Asset.swift in Sources */ = {isa = PBXBuildFile; fileRef = A9C4C49DF7544966BA3820BC /* Asset.swift */; };
		517DB1D41FE0409FA05B79C1 /* CDVWKWebViewEngine.m in Sources */ = {isa = PBXBuildFile; fileRef = 4A14527BCE934B4AA96E8CD3 /* CDVWKWebViewEngine.m */; };
		662A65C72D7745B6841CDD1B /* GCDWebServerErrorResponse.m in Sources */ = {isa = PBXBuildFile; fileRef = A678D79A291E46A1A65C02F9 /* GCDWebServerErrorResponse.m */; };
		68E0D917E8AA48018D3C2DE3 /* CDVSplashScreen.m in Sources */ = {isa = PBXBuildFile; fileRef = 323E3AA1B1E84128B155D0D2 /* CDVSplashScreen.m */; };
		6AFF5BF91D6E424B00AB3073 /* CDVLaunchScreen.storyboard in Resources */ = {isa = PBXBuildFile; fileRef = 6AFF5BF81D6E424B00AB3073 /* CDVLaunchScreen.storyboard */; };
		6C3FDA55CCF443CCA0DC55BB /* GCDWebServer.m in Sources */ = {isa = PBXBuildFile; fileRef = 40AEB930A6B3414F847F3A58 /* GCDWebServer.m */; };
		6C51522ED7984872B42FF2A7 /* libGGLCloudMessaging.a in Frameworks */ = {isa = PBXBuildFile; fileRef = 16D39D26CC9B4B03B6CF5188 /* libGGLCloudMessaging.a */; };
		7626738AF19843CAA81AA31E /* GCDWebServerResponse.m in Sources */ = {isa = PBXBuildFile; fileRef = 5F25B63DD4E04861886C606A /* GCDWebServerResponse.m */; };
		77AEE224713A44FD8B7EA6EB /* CDVViewController+SplashScreen.m in Sources */ = {isa = PBXBuildFile; fileRef = B8BF4E3FD4E5472C84CF6F16 /* CDVViewController+SplashScreen.m */; };
		77F2E1513C0E44E9B1F56916 /* GCDWebServerURLEncodedFormRequest.m in Sources */ = {isa = PBXBuildFile; fileRef = A37BB6E7787B4A159D0FA8FA /* GCDWebServerURLEncodedFormRequest.m */; };
		7DB96A891A044A919CB5842F /* libGSDK_Overload.a in Frameworks */ = {isa = PBXBuildFile; fileRef = 3D00F9AB6C7745679D15B923 /* libGSDK_Overload.a */; };
		8157574647A74A39AE38D244 /* METRandomValueGenerator.m in Sources */ = {isa = PBXBuildFile; fileRef = 1C280709BD4146F1AA65324F /* METRandomValueGenerator.m */; };
		81EA61E7AAB04E2C95BF9CF7 /* METNetworkReachabilityManager.m in Sources */ = {isa = PBXBuildFile; fileRef = 4F22E305952C4134B23874C2 /* METNetworkReachabilityManager.m */; };
		871D22E46D44458288A7068D /* PushPlugin.m in Sources */ = {isa = PBXBuildFile; fileRef = 87B3088865084F4B99EC9E7B /* PushPlugin.m */; };
		87D93E5C144345DC9BCA32B5 /* GCDWebServerFileResponse.m in Sources */ = {isa = PBXBuildFile; fileRef = 0E039BCBD2C54A0A9799B06D /* GCDWebServerFileResponse.m */; };
		88CEEE717936439286AAC3C8 /* AssetManifest.swift in Sources */ = {isa = PBXBuildFile; fileRef = 27C2F4575E7649AE9D467742 /* AssetManifest.swift */; };
		898F609B52F34DAEAD2309EA /* libz.dylib in Frameworks */ = {isa = PBXBuildFile; fileRef = B4B07D62A9CA4035A78764E6 /* libz.dylib */; };
		913EA475E1CA47DAA2D0DAC6 /* libGTM_SystemVersion.a in Frameworks */ = {isa = PBXBuildFile; fileRef = BC89ABAAA3194555A008E1BC /* libGTM_SystemVersion.a */; };
		92146B3DAD76440AB6A55E49 /* libGTMSessionFetcher_full.a in Frameworks */ = {isa = PBXBuildFile; fileRef = 86A628B8C908450F8D16C71C /* libGTMSessionFetcher_full.a */; };
		9342C4B628A04E77A3E081A9 /* GCDWebServerMultiPartFormRequest.m in Sources */ = {isa = PBXBuildFile; fileRef = D208AF68D4A54DFA860EEAFB /* GCDWebServerMultiPartFormRequest.m */; };
		9831A5D0F01E495183D3F78F /* libGGLInstanceIDLib.a in Frameworks */ = {isa = PBXBuildFile; fileRef = 4EADAFF3ECC74DAFA66186EF /* libGGLInstanceIDLib.a */; };
		9BFBEC2F8D0F43129FF943B9 /* CDVWKWebViewUIDelegate.m in Sources */ = {isa = PBXBuildFile; fileRef = 0AFCDBEFE2F0411AAE4C78A2 /* CDVWKWebViewUIDelegate.m */; };
		A38FC549E84E4BD8B4FD6503 /* Errors.swift in Sources */ = {isa = PBXBuildFile; fileRef = 997DFB894CBA42DFB39E626B /* Errors.swift */; };
		A4D71EB870054C87978D818E /* libGTM_NSStringHTML.a in Frameworks */ = {isa = PBXBuildFile; fileRef = 997A6BFFB7664A2E805F935A /* libGTM_NSStringHTML.a */; };
		A7EB8DFE96164A3BAE517F7D /* CDVStatusBar.m in Sources */ = {isa = PBXBuildFile; fileRef = A0F735E6771E4FEAA6C20D60 /* CDVStatusBar.m */; };
		A8AEE176D953477B84A85402 /* CFNetwork.framework in Frameworks */ = {isa = PBXBuildFile; fileRef = D743E50813874A32A6E90E06 /* CFNetwork.framework */; };
		B257742AB9A2497AB3B12290 /* libGTM_RoundedRectPath.a in Frameworks */ = {isa = PBXBuildFile; fileRef = 2CDC86539B364EE3B5595B89 /* libGTM_RoundedRectPath.a */; };
		B5D488C9EAA040D8AB05E9D2 /* AssetBundleDownloader.swift in Sources */ = {isa = PBXBuildFile; fileRef = CD32729B4F184534A70B805E /* AssetBundleDownloader.swift */; };
		C2099A1D0DAC4295B031A2AC /* libGTM_UIFont+LineHeight.a in Frameworks */ = {isa = PBXBuildFile; fileRef = 37CAA4175FFC4E6D8F791B21 /* libGTM_UIFont+LineHeight.a */; };
		C3E4194CE55546BFA6159864 /* GCDWebServerStreamedResponse.m in Sources */ = {isa = PBXBuildFile; fileRef = 89873157F0E54F349F54C431 /* GCDWebServerStreamedResponse.m */; };
		C69DC594BF96435D951E989F /* GCDWebServerFunctions.m in Sources */ = {isa = PBXBuildFile; fileRef = 67399206195847CCA272DB80 /* GCDWebServerFunctions.m */; };
		C9275F4A111843D5B2E8B5F5 /* METRetryStrategy.m in Sources */ = {isa = PBXBuildFile; fileRef = CE9CB2D8F20042BC9CDB909B /* METRetryStrategy.m */; };
		C965804E69D04E66AB0A5B11 /* WebKit.framework in Frameworks */ = {isa = PBXBuildFile; fileRef = 84DB2D72CA414B53BDF77925 /* WebKit.framework */; settings = {ATTRIBUTES = (Weak, ); }; };
		C982B08762434BAFB4E600DB /* libGTM_iPhone.a in Frameworks */ = {isa = PBXBuildFile; fileRef = F113BE3027714F9D98BAFC5A /* libGTM_iPhone.a */; };
		CADB0E329B2B4746BF49E801 /* AddressBook.framework in Frameworks */ = {isa = PBXBuildFile; fileRef = 82C43F4B37DD448BB355DEF3 /* AddressBook.framework */; };
		D0B7DD4E1A4D451F8A84B9B9 /* libGTM_DebugUtils.a in Frameworks */ = {isa = PBXBuildFile; fileRef = 1D8A757CC43F4A5DB78D6DFD /* libGTM_DebugUtils.a */; };
		D3D3D89510794DA3B07582EA /* libGTM_NSData+zlib.a in Frameworks */ = {isa = PBXBuildFile; fileRef = D1C4C40BF1464712A52AE728 /* libGTM_NSData+zlib.a */; };
		E0BF540ECF944A3598DE0ABE /* CDVWKProcessPoolFactory.m in Sources */ = {isa = PBXBuildFile; fileRef = 1E2B890BE12E463BB483293E /* CDVWKProcessPoolFactory.m */; };
		E49555E967634EBC87DC55F0 /* libGIP_Reachability.a in Frameworks */ = {isa = PBXBuildFile; fileRef = 40EDCA14F5F04348B7C28EAB /* libGIP_Reachability.a */; };
		E6F50795B5F5404BAED3706D /* GCDWebServerDataRequest.m in Sources */ = {isa = PBXBuildFile; fileRef = A35444C306224E7BA03E7946 /* GCDWebServerDataRequest.m */; };
		E942BC17B6FD49659751A2BD /* libGTM_KVO.a in Frameworks */ = {isa = PBXBuildFile; fileRef = 6C8FF8234DBB4790B0E2202A /* libGTM_KVO.a */; };
		F41D41E4C2D14CC9996495AB /* METTimer.m in Sources */ = {isa = PBXBuildFile; fileRef = 728B2973041F485EAFC12999 /* METTimer.m */; };
		F54BB7A9FD8F4B83B9182BCF /* GCDWebServerConnection.m in Sources */ = {isa = PBXBuildFile; fileRef = 44D161536AAB473C84F7C2FC /* GCDWebServerConnection.m */; };
		FAAAC3AD4BA94413AF4EB019 /* GCDWebServerRequest.m in Sources */ = {isa = PBXBuildFile; fileRef = F05307953B374EB4A22FDD0B /* GCDWebServerRequest.m */; };
/* End PBXBuildFile section */

/* Begin PBXContainerItemProxy section */
		301BF534109A57CC0062928A /* PBXContainerItemProxy */ = {
			isa = PBXContainerItemProxy;
			containerPortal = 301BF52D109A57CC0062928A /* CordovaLib.xcodeproj */;
			proxyType = 2;
			remoteGlobalIDString = D2AAC07E0554694100DB518D;
			remoteInfo = CordovaLib;
		};
		301BF550109A68C00062928A /* PBXContainerItemProxy */ = {
			isa = PBXContainerItemProxy;
			containerPortal = 301BF52D109A57CC0062928A /* CordovaLib.xcodeproj */;
			proxyType = 1;
			remoteGlobalIDString = D2AAC07D0554694100DB518D;
			remoteInfo = CordovaLib;
		};
		8E32CBFE1FDF22D500E4885A /* PBXContainerItemProxy */ = {
			isa = PBXContainerItemProxy;
			containerPortal = 301BF52D109A57CC0062928A /* CordovaLib.xcodeproj */;
			proxyType = 2;
			remoteGlobalIDString = C0C01EB21E3911D50056E6CB;
			remoteInfo = Cordova;
		};
/* End PBXContainerItemProxy section */

/* Begin PBXFileReference section */
		000F3632BCC940689AD29C08 /* GGLContext+CloudMessaging.h */ = {isa = PBXFileReference; explicitFileType = undefined; fileEncoding = 4; includeInIndex = 0; lastKnownFileType = sourcecode.c.h; name = "GGLContext+CloudMessaging.h"; path = "phonegap-plugin-push/GCM/Headers/GGLContext+CloudMessaging.h"; sourceTree = "<group>"; };
		0207DA571B56EA530066E2B4 /* Images.xcassets */ = {isa = PBXFileReference; lastKnownFileType = folder.assetcatalog; name = Images.xcassets; path = Kurbys/Images.xcassets; sourceTree = SOURCE_ROOT; };
		02CB6AC253E44904A82FD825 /* CDVWKWebViewEngine.h */ = {isa = PBXFileReference; explicitFileType = undefined; fileEncoding = 4; includeInIndex = 0; lastKnownFileType = sourcecode.c.h; name = CDVWKWebViewEngine.h; path = "cordova-plugin-wkwebview-engine/CDVWKWebViewEngine.h"; sourceTree = "<group>"; };
		03044E6DAA1D48D489D070A2 /* METPlugin.h */ = {isa = PBXFileReference; explicitFileType = undefined; fileEncoding = 4; includeInIndex = 0; lastKnownFileType = sourcecode.c.h; name = METPlugin.h; path = "cordova-plugin-meteor-webapp/METPlugin.h"; sourceTree = "<group>"; };
		095E3EA5F8314D1B8DBD574E /* METRetryStrategy.h */ = {isa = PBXFileReference; explicitFileType = undefined; fileEncoding = 4; includeInIndex = 0; lastKnownFileType = sourcecode.c.h; name = METRetryStrategy.h; path = "cordova-plugin-meteor-webapp/METRetryStrategy.h"; sourceTree = "<group>"; };
		0AFCDBEFE2F0411AAE4C78A2 /* CDVWKWebViewUIDelegate.m */ = {isa = PBXFileReference; explicitFileType = undefined; fileEncoding = 4; includeInIndex = 0; lastKnownFileType = sourcecode.c.objc; name = CDVWKWebViewUIDelegate.m; path = "cordova-plugin-wkwebview-engine/CDVWKWebViewUIDelegate.m"; sourceTree = "<group>"; };
		0B04DFCB158F4AB1A9CBB315 /* GCDWebServerFileRequest.m */ = {isa = PBXFileReference; explicitFileType = undefined; fileEncoding = 4; includeInIndex = 0; lastKnownFileType = sourcecode.c.objc; name = GCDWebServerFileRequest.m; path = "cordova-plugin-meteor-webapp/GCDWebServerFileRequest.m"; sourceTree = "<group>"; };
		0B15A5FE191C46E1A616B02F /* cordova-plugin-meteor-webapp-Bridging-Header.h */ = {isa = PBXFileReference; explicitFileType = undefined; fileEncoding = 4; includeInIndex = 0; lastKnownFileType = sourcecode.c.h; name = "cordova-plugin-meteor-webapp-Bridging-Header.h"; path = "cordova-plugin-meteor-webapp/cordova-plugin-meteor-webapp-Bridging-Header.h"; sourceTree = "<group>"; };
		0B1F831BBF4844EAAFECFF51 /* GCMPubSub.h */ = {isa = PBXFileReference; explicitFileType = undefined; fileEncoding = 4; includeInIndex = 0; lastKnownFileType = sourcecode.c.h; name = GCMPubSub.h; path = "phonegap-plugin-push/GCM/Headers/GCMPubSub.h"; sourceTree = "<group>"; };
		0C5D4996C5084EE4B9170AA0 /* GCDWebServerHTTPStatusCodes.h */ = {isa = PBXFileReference; explicitFileType = undefined; fileEncoding = 4; includeInIndex = 0; lastKnownFileType = sourcecode.c.h; name = GCDWebServerHTTPStatusCodes.h; path = "cordova-plugin-meteor-webapp/GCDWebServerHTTPStatusCodes.h"; sourceTree = "<group>"; };
		0D808CBE1BF74CA599BA10AC /* GCDWebServerURLEncodedFormRequest.h */ = {isa = PBXFileReference; explicitFileType = undefined; fileEncoding = 4; includeInIndex = 0; lastKnownFileType = sourcecode.c.h; name = GCDWebServerURLEncodedFormRequest.h; path = "cordova-plugin-meteor-webapp/GCDWebServerURLEncodedFormRequest.h"; sourceTree = "<group>"; };
		0E039BCBD2C54A0A9799B06D /* GCDWebServerFileResponse.m */ = {isa = PBXFileReference; explicitFileType = undefined; fileEncoding = 4; includeInIndex = 0; lastKnownFileType = sourcecode.c.objc; name = GCDWebServerFileResponse.m; path = "cordova-plugin-meteor-webapp/GCDWebServerFileResponse.m"; sourceTree = "<group>"; };
		110A28CBA92148C0AC3D1F03 /* METPlugin.m */ = {isa = PBXFileReference; explicitFileType = undefined; fileEncoding = 4; includeInIndex = 0; lastKnownFileType = sourcecode.c.objc; name = METPlugin.m; path = "cordova-plugin-meteor-webapp/METPlugin.m"; sourceTree = "<group>"; };
		12FEA41428C54BC385AAE4C9 /* AppDelegate+notification.h */ = {isa = PBXFileReference; explicitFileType = undefined; fileEncoding = 4; includeInIndex = 0; lastKnownFileType = sourcecode.c.h; name = "AppDelegate+notification.h"; path = "phonegap-plugin-push/AppDelegate+notification.h"; sourceTree = "<group>"; };
		1526AB93F8BC4E57AFEC9AB8 /* GGLContext.h */ = {isa = PBXFileReference; explicitFileType = undefined; fileEncoding = 4; includeInIndex = 0; lastKnownFileType = sourcecode.c.h; name = GGLContext.h; path = "phonegap-plugin-push/GCM/Headers/GGLContext.h"; sourceTree = "<group>"; };
		16D39D26CC9B4B03B6CF5188 /* libGGLCloudMessaging.a */ = {isa = PBXFileReference; explicitFileType = undefined; fileEncoding = 9; includeInIndex = 0; lastKnownFileType = archive.ar; name = libGGLCloudMessaging.a; path = "Kurbys/Plugins/phonegap-plugin-push/GCM/Libraries/libGGLCloudMessaging.a"; sourceTree = "<group>"; };
		1C280709BD4146F1AA65324F /* METRandomValueGenerator.m */ = {isa = PBXFileReference; explicitFileType = undefined; fileEncoding = 4; includeInIndex = 0; lastKnownFileType = sourcecode.c.objc; name = METRandomValueGenerator.m; path = "cordova-plugin-meteor-webapp/METRandomValueGenerator.m"; sourceTree = "<group>"; };
		1D3623240D0F684500981E51 /* AppDelegate.h */ = {isa = PBXFileReference; fileEncoding = 4; lastKnownFileType = sourcecode.c.h; path = AppDelegate.h; sourceTree = "<group>"; };
		1D3623250D0F684500981E51 /* AppDelegate.m */ = {isa = PBXFileReference; fileEncoding = 4; lastKnownFileType = sourcecode.c.objc; path = AppDelegate.m; sourceTree = "<group>"; };
		1D6058910D05DD3D006BFB54 /* Kurbys.app */ = {isa = PBXFileReference; explicitFileType = wrapper.application; includeInIndex = 0; path = Kurbys.app; sourceTree = BUILT_PRODUCTS_DIR; };
		1D8A757CC43F4A5DB78D6DFD /* libGTM_DebugUtils.a */ = {isa = PBXFileReference; explicitFileType = undefined; fileEncoding = 9; includeInIndex = 0; lastKnownFileType = archive.ar; name = libGTM_DebugUtils.a; path = "Kurbys/Plugins/phonegap-plugin-push/GCM/Libraries/libGTM_DebugUtils.a"; sourceTree = "<group>"; };
		1D8AF7A9E84E4AF1A0A4369E /* libGGLCore.a */ = {isa = PBXFileReference; explicitFileType = undefined; fileEncoding = 9; includeInIndex = 0; lastKnownFileType = archive.ar; name = libGGLCore.a; path = "Kurbys/Plugins/phonegap-plugin-push/GCM/Libraries/libGGLCore.a"; sourceTree = "<group>"; };
		1E2B890BE12E463BB483293E /* CDVWKProcessPoolFactory.m */ = {isa = PBXFileReference; explicitFileType = undefined; fileEncoding = 4; includeInIndex = 0; lastKnownFileType = sourcecode.c.objc; name = CDVWKProcessPoolFactory.m; path = "cordova-plugin-wkwebview-engine/CDVWKProcessPoolFactory.m"; sourceTree = "<group>"; };
		218F46DC872B4FEDAD65ABEE /* GCDWebServerErrorResponse.h */ = {isa = PBXFileReference; explicitFileType = undefined; fileEncoding = 4; includeInIndex = 0; lastKnownFileType = sourcecode.c.h; name = GCDWebServerErrorResponse.h; path = "cordova-plugin-meteor-webapp/GCDWebServerErrorResponse.h"; sourceTree = "<group>"; };
		24B6FC5567064A51B40D35CD /* METTimer.h */ = {isa = PBXFileReference; explicitFileType = undefined; fileEncoding = 4; includeInIndex = 0; lastKnownFileType = sourcecode.c.h; name = METTimer.h; path = "cordova-plugin-meteor-webapp/METTimer.h"; sourceTree = "<group>"; };
		2564AFF415314F25A58A212C /* METNetworkReachabilityManager.h */ = {isa = PBXFileReference; explicitFileType = undefined; fileEncoding = 4; includeInIndex = 0; lastKnownFileType = sourcecode.c.h; name = METNetworkReachabilityManager.h; path = "cordova-plugin-meteor-webapp/METNetworkReachabilityManager.h"; sourceTree = "<group>"; };
		27C2F4575E7649AE9D467742 /* AssetManifest.swift */ = {isa = PBXFileReference; explicitFileType = undefined; fileEncoding = 4; includeInIndex = 0; lastKnownFileType = sourcecode.swift; name = AssetManifest.swift; path = "cordova-plugin-meteor-webapp/AssetManifest.swift"; sourceTree = "<group>"; };
		286E5E85C8554095B52D6686 /* GCDWebServerFileResponse.h */ = {isa = PBXFileReference; explicitFileType = undefined; fileEncoding = 4; includeInIndex = 0; lastKnownFileType = sourcecode.c.h; name = GCDWebServerFileResponse.h; path = "cordova-plugin-meteor-webapp/GCDWebServerFileResponse.h"; sourceTree = "<group>"; };
		29B97316FDCFA39411CA2CEA /* main.m */ = {isa = PBXFileReference; fileEncoding = 4; lastKnownFileType = sourcecode.c.objc; path = main.m; sourceTree = "<group>"; };
		2ADA1B84656443C0B602CB38 /* CDVSplashScreen.h */ = {isa = PBXFileReference; explicitFileType = undefined; fileEncoding = 4; includeInIndex = 0; lastKnownFileType = sourcecode.c.h; name = CDVSplashScreen.h; path = "cordova-plugin-splashscreen/CDVSplashScreen.h"; sourceTree = "<group>"; };
		2C06930F89454E54B65075DA /* AppDelegate+notification.m */ = {isa = PBXFileReference; explicitFileType = undefined; fileEncoding = 4; includeInIndex = 0; lastKnownFileType = sourcecode.c.objc; name = "AppDelegate+notification.m"; path = "phonegap-plugin-push/AppDelegate+notification.m"; sourceTree = "<group>"; };
		2C437F4A336840A5BA24874B /* GCDWebServer.h */ = {isa = PBXFileReference; explicitFileType = undefined; fileEncoding = 4; includeInIndex = 0; lastKnownFileType = sourcecode.c.h; name = GCDWebServer.h; path = "cordova-plugin-meteor-webapp/GCDWebServer.h"; sourceTree = "<group>"; };
		2CDC86539B364EE3B5595B89 /* libGTM_RoundedRectPath.a */ = {isa = PBXFileReference; explicitFileType = undefined; fileEncoding = 9; includeInIndex = 0; lastKnownFileType = archive.ar; name = libGTM_RoundedRectPath.a; path = "Kurbys/Plugins/phonegap-plugin-push/GCM/Libraries/libGTM_RoundedRectPath.a"; sourceTree = "<group>"; };
		301BF52D109A57CC0062928A /* CordovaLib.xcodeproj */ = {isa = PBXFileReference; lastKnownFileType = "wrapper.pb-project"; name = CordovaLib.xcodeproj; path = CordovaLib/CordovaLib.xcodeproj; sourceTree = "<group>"; };
		301BF56E109A69640062928A /* www */ = {isa = PBXFileReference; lastKnownFileType = folder; path = www; sourceTree = SOURCE_ROOT; };
		302D95EE14D2391D003F00A1 /* MainViewController.h */ = {isa = PBXFileReference; fileEncoding = 4; lastKnownFileType = sourcecode.c.h; path = MainViewController.h; sourceTree = "<group>"; };
		302D95EF14D2391D003F00A1 /* MainViewController.m */ = {isa = PBXFileReference; fileEncoding = 4; lastKnownFileType = sourcecode.c.objc; path = MainViewController.m; sourceTree = "<group>"; };
		302D95F014D2391D003F00A1 /* MainViewController.xib */ = {isa = PBXFileReference; fileEncoding = 4; lastKnownFileType = file.xib; path = MainViewController.xib; sourceTree = "<group>"; };
		3047A50F1AB8059700498E2A /* build-debug.xcconfig */ = {isa = PBXFileReference; fileEncoding = 4; lastKnownFileType = text.xcconfig; name = "build-debug.xcconfig"; path = "cordova/build-debug.xcconfig"; sourceTree = SOURCE_ROOT; };
		3047A5101AB8059700498E2A /* build-release.xcconfig */ = {isa = PBXFileReference; fileEncoding = 4; lastKnownFileType = text.xcconfig; name = "build-release.xcconfig"; path = "cordova/build-release.xcconfig"; sourceTree = SOURCE_ROOT; };
		3047A5111AB8059700498E2A /* build.xcconfig */ = {isa = PBXFileReference; fileEncoding = 4; lastKnownFileType = text.xcconfig; name = build.xcconfig; path = cordova/build.xcconfig; sourceTree = SOURCE_ROOT; };
		323E3AA1B1E84128B155D0D2 /* CDVSplashScreen.m */ = {isa = PBXFileReference; explicitFileType = undefined; fileEncoding = 4; includeInIndex = 0; lastKnownFileType = sourcecode.c.objc; name = CDVSplashScreen.m; path = "cordova-plugin-splashscreen/CDVSplashScreen.m"; sourceTree = "<group>"; };
		32CA4F630368D1EE00C91783 /* Kurbys-Prefix.pch */ = {isa = PBXFileReference; fileEncoding = 4; lastKnownFileType = sourcecode.c.h; path = "Kurbys-Prefix.pch"; sourceTree = "<group>"; };
		33705D33A3394F08831F74F1 /* CDVStatusBar.h */ = {isa = PBXFileReference; explicitFileType = undefined; fileEncoding = 4; includeInIndex = 0; lastKnownFileType = sourcecode.c.h; name = CDVStatusBar.h; path = "cordova-plugin-statusbar/CDVStatusBar.h"; sourceTree = "<group>"; };
		3456549F1B014877A4DC699F /* GCDWebServerRequest.h */ = {isa = PBXFileReference; explicitFileType = undefined; fileEncoding = 4; includeInIndex = 0; lastKnownFileType = sourcecode.c.h; name = GCDWebServerRequest.h; path = "cordova-plugin-meteor-webapp/GCDWebServerRequest.h"; sourceTree = "<group>"; };
		37CAA4175FFC4E6D8F791B21 /* libGTM_UIFont+LineHeight.a */ = {isa = PBXFileReference; explicitFileType = undefined; fileEncoding = 9; includeInIndex = 0; lastKnownFileType = archive.ar; name = "libGTM_UIFont+LineHeight.a"; path = "Kurbys/Plugins/phonegap-plugin-push/GCM/Libraries/libGTM_UIFont+LineHeight.a"; sourceTree = "<group>"; };
		38FC3F532216410FB7760A6D /* libGTMSessionFetcher_core.a */ = {isa = PBXFileReference; explicitFileType = undefined; fileEncoding = 9; includeInIndex = 0; lastKnownFileType = archive.ar; name = libGTMSessionFetcher_core.a; path = "Kurbys/Plugins/phonegap-plugin-push/GCM/Libraries/libGTMSessionFetcher_core.a"; sourceTree = "<group>"; };
		3D00F9AB6C7745679D15B923 /* libGSDK_Overload.a */ = {isa = PBXFileReference; explicitFileType = undefined; fileEncoding = 9; includeInIndex = 0; lastKnownFileType = archive.ar; name = libGSDK_Overload.a; path = "Kurbys/Plugins/phonegap-plugin-push/GCM/Libraries/libGSDK_Overload.a"; sourceTree = "<group>"; };
		40AEB930A6B3414F847F3A58 /* GCDWebServer.m */ = {isa = PBXFileReference; explicitFileType = undefined; fileEncoding = 4; includeInIndex = 0; lastKnownFileType = sourcecode.c.objc; name = GCDWebServer.m; path = "cordova-plugin-meteor-webapp/GCDWebServer.m"; sourceTree = "<group>"; };
		40EDCA14F5F04348B7C28EAB /* libGIP_Reachability.a */ = {isa = PBXFileReference; explicitFileType = undefined; fileEncoding = 9; includeInIndex = 0; lastKnownFileType = archive.ar; name = libGIP_Reachability.a; path = "Kurbys/Plugins/phonegap-plugin-push/GCM/Libraries/libGIP_Reachability.a"; sourceTree = "<group>"; };
		44D161536AAB473C84F7C2FC /* GCDWebServerConnection.m */ = {isa = PBXFileReference; explicitFileType = undefined; fileEncoding = 4; includeInIndex = 0; lastKnownFileType = sourcecode.c.objc; name = GCDWebServerConnection.m; path = "cordova-plugin-meteor-webapp/GCDWebServerConnection.m"; sourceTree = "<group>"; };
		4A14527BCE934B4AA96E8CD3 /* CDVWKWebViewEngine.m */ = {isa = PBXFileReference; explicitFileType = undefined; fileEncoding = 4; includeInIndex = 0; lastKnownFileType = sourcecode.c.objc; name = CDVWKWebViewEngine.m; path = "cordova-plugin-wkwebview-engine/CDVWKWebViewEngine.m"; sourceTree = "<group>"; };
		4EADAFF3ECC74DAFA66186EF /* libGGLInstanceIDLib.a */ = {isa = PBXFileReference; explicitFileType = undefined; fileEncoding = 9; includeInIndex = 0; lastKnownFileType = archive.ar; name = libGGLInstanceIDLib.a; path = "Kurbys/Plugins/phonegap-plugin-push/GCM/Libraries/libGGLInstanceIDLib.a"; sourceTree = "<group>"; };
		4F22E305952C4134B23874C2 /* METNetworkReachabilityManager.m */ = {isa = PBXFileReference; explicitFileType = undefined; fileEncoding = 4; includeInIndex = 0; lastKnownFileType = sourcecode.c.objc; name = METNetworkReachabilityManager.m; path = "cordova-plugin-meteor-webapp/METNetworkReachabilityManager.m"; sourceTree = "<group>"; };
		5357D0BE79464441BC4C83F4 /* libz.tbd */ = {isa = PBXFileReference; explicitFileType = undefined; fileEncoding = 9; includeInIndex = 0; lastKnownFileType = "sourcecode.text-based-dylib-definition"; name = libz.tbd; path = usr/lib/libz.tbd; sourceTree = SDKROOT; };
		57E2E0576CE64BB8BA8486C5 /* libGTMStackTrace.a */ = {isa = PBXFileReference; explicitFileType = undefined; fileEncoding = 9; includeInIndex = 0; lastKnownFileType = archive.ar; name = libGTMStackTrace.a; path = "Kurbys/Plugins/phonegap-plugin-push/GCM/Libraries/libGTMStackTrace.a"; sourceTree = "<group>"; };
		584407E3E94B4DC6AEA47F81 /* WebAppLocalServer.swift */ = {isa = PBXFileReference; explicitFileType = undefined; fileEncoding = 4; includeInIndex = 0; lastKnownFileType = sourcecode.swift; name = WebAppLocalServer.swift; path = "cordova-plugin-meteor-webapp/WebAppLocalServer.swift"; sourceTree = "<group>"; };
		5DF29F2C9805404BB0932070 /* libGTM_NSStringXML.a */ = {isa = PBXFileReference; explicitFileType = undefined; fileEncoding = 9; includeInIndex = 0; lastKnownFileType = archive.ar; name = libGTM_NSStringXML.a; path = "Kurbys/Plugins/phonegap-plugin-push/GCM/Libraries/libGTM_NSStringXML.a"; sourceTree = "<group>"; };
		5F25B63DD4E04861886C606A /* GCDWebServerResponse.m */ = {isa = PBXFileReference; explicitFileType = undefined; fileEncoding = 4; includeInIndex = 0; lastKnownFileType = sourcecode.c.objc; name = GCDWebServerResponse.m; path = "cordova-plugin-meteor-webapp/GCDWebServerResponse.m"; sourceTree = "<group>"; };
		65D51003BE334CAE8369882A /* GCDWebServerResponse.h */ = {isa = PBXFileReference; explicitFileType = undefined; fileEncoding = 4; includeInIndex = 0; lastKnownFileType = sourcecode.c.h; name = GCDWebServerResponse.h; path = "cordova-plugin-meteor-webapp/GCDWebServerResponse.h"; sourceTree = "<group>"; };
		67399206195847CCA272DB80 /* GCDWebServerFunctions.m */ = {isa = PBXFileReference; explicitFileType = undefined; fileEncoding = 4; includeInIndex = 0; lastKnownFileType = sourcecode.c.objc; name = GCDWebServerFunctions.m; path = "cordova-plugin-meteor-webapp/GCDWebServerFunctions.m"; sourceTree = "<group>"; };
		6AFF5BF81D6E424B00AB3073 /* CDVLaunchScreen.storyboard */ = {isa = PBXFileReference; fileEncoding = 4; lastKnownFileType = file.storyboard; name = CDVLaunchScreen.storyboard; path = Kurbys/CDVLaunchScreen.storyboard; sourceTree = SOURCE_ROOT; };
		6C8FF8234DBB4790B0E2202A /* libGTM_KVO.a */ = {isa = PBXFileReference; explicitFileType = undefined; fileEncoding = 9; includeInIndex = 0; lastKnownFileType = archive.ar; name = libGTM_KVO.a; path = "Kurbys/Plugins/phonegap-plugin-push/GCM/Libraries/libGTM_KVO.a"; sourceTree = "<group>"; };
		71D1FAD3E20C4379ADBA13CB /* Core.h */ = {isa = PBXFileReference; explicitFileType = undefined; fileEncoding = 4; includeInIndex = 0; lastKnownFileType = sourcecode.c.h; name = Core.h; path = "phonegap-plugin-push/GCM/Headers/Core.h"; sourceTree = "<group>"; };
		728B2973041F485EAFC12999 /* METTimer.m */ = {isa = PBXFileReference; explicitFileType = undefined; fileEncoding = 4; includeInIndex = 0; lastKnownFileType = sourcecode.c.objc; name = METTimer.m; path = "cordova-plugin-meteor-webapp/METTimer.m"; sourceTree = "<group>"; };
		765A368504BE4B7FB0FE4481 /* GGLInstanceID.h */ = {isa = PBXFileReference; explicitFileType = undefined; fileEncoding = 4; includeInIndex = 0; lastKnownFileType = sourcecode.c.h; name = GGLInstanceID.h; path = "phonegap-plugin-push/GCM/Headers/GGLInstanceID.h"; sourceTree = "<group>"; };
		7AC4D065939144FA9982F5E0 /* GGLInstanceIDHeaders.h */ = {isa = PBXFileReference; explicitFileType = undefined; fileEncoding = 4; includeInIndex = 0; lastKnownFileType = sourcecode.c.h; name = GGLInstanceIDHeaders.h; path = "phonegap-plugin-push/GCM/Headers/GGLInstanceIDHeaders.h"; sourceTree = "<group>"; };
		7C00A8926DB145A28874003F /* GCMConfig.h */ = {isa = PBXFileReference; explicitFileType = undefined; fileEncoding = 4; includeInIndex = 0; lastKnownFileType = sourcecode.c.h; name = GCMConfig.h; path = "phonegap-plugin-push/GCM/Headers/GCMConfig.h"; sourceTree = "<group>"; };
		7E8FFCC875FE46458BE7734C /* CDVWKWebViewUIDelegate.h */ = {isa = PBXFileReference; explicitFileType = undefined; fileEncoding = 4; includeInIndex = 0; lastKnownFileType = sourcecode.c.h; name = CDVWKWebViewUIDelegate.h; path = "cordova-plugin-wkwebview-engine/CDVWKWebViewUIDelegate.h"; sourceTree = "<group>"; };
		82C43F4B37DD448BB355DEF3 /* AddressBook.framework */ = {isa = PBXFileReference; explicitFileType = undefined; fileEncoding = 9; includeInIndex = 0; lastKnownFileType = wrapper.framework; name = AddressBook.framework; path = System/Library/Frameworks/AddressBook.framework; sourceTree = SDKROOT; };
		84DB2D72CA414B53BDF77925 /* WebKit.framework */ = {isa = PBXFileReference; explicitFileType = undefined; fileEncoding = 9; includeInIndex = 0; lastKnownFileType = wrapper.framework; name = WebKit.framework; path = System/Library/Frameworks/WebKit.framework; sourceTree = SDKROOT; };
		86A628B8C908450F8D16C71C /* libGTMSessionFetcher_full.a */ = {isa = PBXFileReference; explicitFileType = undefined; fileEncoding = 9; includeInIndex = 0; lastKnownFileType = archive.ar; name = libGTMSessionFetcher_full.a; path = "Kurbys/Plugins/phonegap-plugin-push/GCM/Libraries/libGTMSessionFetcher_full.a"; sourceTree = "<group>"; };
		87B3088865084F4B99EC9E7B /* PushPlugin.m */ = {isa = PBXFileReference; explicitFileType = undefined; fileEncoding = 4; includeInIndex = 0; lastKnownFileType = sourcecode.c.objc; name = PushPlugin.m; path = "phonegap-plugin-push/PushPlugin.m"; sourceTree = "<group>"; };
		89873157F0E54F349F54C431 /* GCDWebServerStreamedResponse.m */ = {isa = PBXFileReference; explicitFileType = undefined; fileEncoding = 4; includeInIndex = 0; lastKnownFileType = sourcecode.c.objc; name = GCDWebServerStreamedResponse.m; path = "cordova-plugin-meteor-webapp/GCDWebServerStreamedResponse.m"; sourceTree = "<group>"; };
		89BBF75A02B443039FCDD64E /* libGTM_StringEncoding.a */ = {isa = PBXFileReference; explicitFileType = undefined; fileEncoding = 9; includeInIndex = 0; lastKnownFileType = archive.ar; name = libGTM_StringEncoding.a; path = "Kurbys/Plugins/phonegap-plugin-push/GCM/Libraries/libGTM_StringEncoding.a"; sourceTree = "<group>"; };
		89EB0F5F38F44CAFA6B7E1EC /* GGLInstanceIDDelegate.h */ = {isa = PBXFileReference; explicitFileType = undefined; fileEncoding = 4; includeInIndex = 0; lastKnownFileType = sourcecode.c.h; name = GGLInstanceIDDelegate.h; path = "phonegap-plugin-push/GCM/Headers/GGLInstanceIDDelegate.h"; sourceTree = "<group>"; };
		8D1107310486CEB800E47090 /* Kurbys-Info.plist */ = {isa = PBXFileReference; fileEncoding = 4; lastKnownFileType = text.plist.xml; name = "Kurbys-Info.plist"; path = "Kurbys/Kurbys-Info.plist"; plistStructureDefinitionIdentifier = "com.apple.xcode.plist.structure-definition.iphone.info-plist"; sourceTree = SOURCE_ROOT; };
		8E32CC001FDF241B00E4885A /* Kurbys.entitlements */ = {isa = PBXFileReference; lastKnownFileType = text.plist.entitlements; name = Kurbys.entitlements; path = Kurbys/Kurbys.entitlements; sourceTree = "<group>"; };
		8EF5F360392F49BAB63682E7 /* CloudMessaging.h */ = {isa = PBXFileReference; explicitFileType = undefined; fileEncoding = 4; includeInIndex = 0; lastKnownFileType = sourcecode.c.h; name = CloudMessaging.h; path = "phonegap-plugin-push/GCM/Headers/CloudMessaging.h"; sourceTree = "<group>"; };
		97D50DA1B4374D3784EFB339 /* GCDWebServerStreamedResponse.h */ = {isa = PBXFileReference; explicitFileType = undefined; fileEncoding = 4; includeInIndex = 0; lastKnownFileType = sourcecode.c.h; name = GCDWebServerStreamedResponse.h; path = "cordova-plugin-meteor-webapp/GCDWebServerStreamedResponse.h"; sourceTree = "<group>"; };
		997A6BFFB7664A2E805F935A /* libGTM_NSStringHTML.a */ = {isa = PBXFileReference; explicitFileType = undefined; fileEncoding = 9; includeInIndex = 0; lastKnownFileType = archive.ar; name = libGTM_NSStringHTML.a; path = "Kurbys/Plugins/phonegap-plugin-push/GCM/Libraries/libGTM_NSStringHTML.a"; sourceTree = "<group>"; };
		997DFB894CBA42DFB39E626B /* Errors.swift */ = {isa = PBXFileReference; explicitFileType = undefined; fileEncoding = 4; includeInIndex = 0; lastKnownFileType = sourcecode.swift; name = Errors.swift; path = "cordova-plugin-meteor-webapp/Errors.swift"; sourceTree = "<group>"; };
		9CCD0E51E7D744FF8C7C705F /* GCDWebServerDataResponse.h */ = {isa = PBXFileReference; explicitFileType = undefined; fileEncoding = 4; includeInIndex = 0; lastKnownFileType = sourcecode.c.h; name = GCDWebServerDataResponse.h; path = "cordova-plugin-meteor-webapp/GCDWebServerDataResponse.h"; sourceTree = "<group>"; };
		9F1315F53E3F4E42AF0C3672 /* libGTM_AddressBook.a */ = {isa = PBXFileReference; explicitFileType = undefined; fileEncoding = 9; includeInIndex = 0; lastKnownFileType = archive.ar; name = libGTM_AddressBook.a; path = "Kurbys/Plugins/phonegap-plugin-push/GCM/Libraries/libGTM_AddressBook.a"; sourceTree = "<group>"; };
		A0F735E6771E4FEAA6C20D60 /* CDVStatusBar.m */ = {isa = PBXFileReference; explicitFileType = undefined; fileEncoding = 4; includeInIndex = 0; lastKnownFileType = sourcecode.c.objc; name = CDVStatusBar.m; path = "cordova-plugin-statusbar/CDVStatusBar.m"; sourceTree = "<group>"; };
		A3308EE330E94A349B52442D /* GoogleCloudMessaging.h */ = {isa = PBXFileReference; explicitFileType = undefined; fileEncoding = 4; includeInIndex = 0; lastKnownFileType = sourcecode.c.h; name = GoogleCloudMessaging.h; path = "phonegap-plugin-push/GCM/Headers/GoogleCloudMessaging.h"; sourceTree = "<group>"; };
		A35444C306224E7BA03E7946 /* GCDWebServerDataRequest.m */ = {isa = PBXFileReference; explicitFileType = undefined; fileEncoding = 4; includeInIndex = 0; lastKnownFileType = sourcecode.c.objc; name = GCDWebServerDataRequest.m; path = "cordova-plugin-meteor-webapp/GCDWebServerDataRequest.m"; sourceTree = "<group>"; };
		A37BB6E7787B4A159D0FA8FA /* GCDWebServerURLEncodedFormRequest.m */ = {isa = PBXFileReference; explicitFileType = undefined; fileEncoding = 4; includeInIndex = 0; lastKnownFileType = sourcecode.c.objc; name = GCDWebServerURLEncodedFormRequest.m; path = "cordova-plugin-meteor-webapp/GCDWebServerURLEncodedFormRequest.m"; sourceTree = "<group>"; };
		A5CB64ECC3284145B3452F08 /* PushPlugin.h */ = {isa = PBXFileReference; explicitFileType = undefined; fileEncoding = 4; includeInIndex = 0; lastKnownFileType = sourcecode.c.h; name = PushPlugin.h; path = "phonegap-plugin-push/PushPlugin.h"; sourceTree = "<group>"; };
		A678D79A291E46A1A65C02F9 /* GCDWebServerErrorResponse.m */ = {isa = PBXFileReference; explicitFileType = undefined; fileEncoding = 4; includeInIndex = 0; lastKnownFileType = sourcecode.c.objc; name = GCDWebServerErrorResponse.m; path = "cordova-plugin-meteor-webapp/GCDWebServerErrorResponse.m"; sourceTree = "<group>"; };
		A76D50C4452B41C3ABC1C8B6 /* GGLConfiguration.h */ = {isa = PBXFileReference; explicitFileType = undefined; fileEncoding = 4; includeInIndex = 0; lastKnownFileType = sourcecode.c.h; name = GGLConfiguration.h; path = "phonegap-plugin-push/GCM/Headers/GGLConfiguration.h"; sourceTree = "<group>"; };
		A9C4C49DF7544966BA3820BC /* Asset.swift */ = {isa = PBXFileReference; explicitFileType = undefined; fileEncoding = 4; includeInIndex = 0; lastKnownFileType = sourcecode.swift; name = Asset.swift; path = "cordova-plugin-meteor-webapp/Asset.swift"; sourceTree = "<group>"; };
		AE45D5345AB840B09E48D2FB /* libGTM_NSScannerJSON.a */ = {isa = PBXFileReference; explicitFileType = undefined; fileEncoding = 9; includeInIndex = 0; lastKnownFileType = archive.ar; name = libGTM_NSScannerJSON.a; path = "Kurbys/Plugins/phonegap-plugin-push/GCM/Libraries/libGTM_NSScannerJSON.a"; sourceTree = "<group>"; };
		B469D299520741138D226E76 /* AssetBundleManager.swift */ = {isa = PBXFileReference; explicitFileType = undefined; fileEncoding = 4; includeInIndex = 0; lastKnownFileType = sourcecode.swift; name = AssetBundleManager.swift; path = "cordova-plugin-meteor-webapp/AssetBundleManager.swift"; sourceTree = "<group>"; };
		B4B07D62A9CA4035A78764E6 /* libz.dylib */ = {isa = PBXFileReference; explicitFileType = undefined; fileEncoding = 9; includeInIndex = 0; lastKnownFileType = "compiled.mach-o.dylib"; name = libz.dylib; path = usr/lib/libz.dylib; sourceTree = SDKROOT; };
		B4F2DC96358649ADB3BCF824 /* GGLInstanceIDConfig.h */ = {isa = PBXFileReference; explicitFileType = undefined; fileEncoding = 4; includeInIndex = 0; lastKnownFileType = sourcecode.c.h; name = GGLInstanceIDConfig.h; path = "phonegap-plugin-push/GCM/Headers/GGLInstanceIDConfig.h"; sourceTree = "<group>"; };
		B8BF4E3FD4E5472C84CF6F16 /* CDVViewController+SplashScreen.m */ = {isa = PBXFileReference; explicitFileType = undefined; fileEncoding = 4; includeInIndex = 0; lastKnownFileType = sourcecode.c.objc; name = "CDVViewController+SplashScreen.m"; path = "cordova-plugin-splashscreen/CDVViewController+SplashScreen.m"; sourceTree = "<group>"; };
		B8ED84B1C4094DFE8CAAB25E /* AssetBundle.swift */ = {isa = PBXFileReference; explicitFileType = undefined; fileEncoding = 4; includeInIndex = 0; lastKnownFileType = sourcecode.swift; name = AssetBundle.swift; path = "cordova-plugin-meteor-webapp/AssetBundle.swift"; sourceTree = "<group>"; };
		BB07D528214A405AA8F8110E /* GCDWebServerFunctions.h */ = {isa = PBXFileReference; explicitFileType = undefined; fileEncoding = 4; includeInIndex = 0; lastKnownFileType = sourcecode.c.h; name = GCDWebServerFunctions.h; path = "cordova-plugin-meteor-webapp/GCDWebServerFunctions.h"; sourceTree = "<group>"; };
		BC89ABAAA3194555A008E1BC /* libGTM_SystemVersion.a */ = {isa = PBXFileReference; explicitFileType = undefined; fileEncoding = 9; includeInIndex = 0; lastKnownFileType = archive.ar; name = libGTM_SystemVersion.a; path = "Kurbys/Plugins/phonegap-plugin-push/GCM/Libraries/libGTM_SystemVersion.a"; sourceTree = "<group>"; };
		BD190C948A1245C2968C2867 /* GCDWebServerMultiPartFormRequest.h */ = {isa = PBXFileReference; explicitFileType = undefined; fileEncoding = 4; includeInIndex = 0; lastKnownFileType = sourcecode.c.h; name = GCDWebServerMultiPartFormRequest.h; path = "cordova-plugin-meteor-webapp/GCDWebServerMultiPartFormRequest.h"; sourceTree = "<group>"; };
		C9AC79DEB2DC4589A7A58689 /* CDVWKProcessPoolFactory.h */ = {isa = PBXFileReference; explicitFileType = undefined; fileEncoding = 4; includeInIndex = 0; lastKnownFileType = sourcecode.c.h; name = CDVWKProcessPoolFactory.h; path = "cordova-plugin-wkwebview-engine/CDVWKProcessPoolFactory.h"; sourceTree = "<group>"; };
		CC6D6BB3D718468C9BCCC500 /* GGLErrorCode.h */ = {isa = PBXFileReference; explicitFileType = undefined; fileEncoding = 4; includeInIndex = 0; lastKnownFileType = sourcecode.c.h; name = GGLErrorCode.h; path = "phonegap-plugin-push/GCM/Headers/GGLErrorCode.h"; sourceTree = "<group>"; };
		CD32729B4F184534A70B805E /* AssetBundleDownloader.swift */ = {isa = PBXFileReference; explicitFileType = undefined; fileEncoding = 4; includeInIndex = 0; lastKnownFileType = sourcecode.swift; name = AssetBundleDownloader.swift; path = "cordova-plugin-meteor-webapp/AssetBundleDownloader.swift"; sourceTree = "<group>"; };
		CE9CB2D8F20042BC9CDB909B /* METRetryStrategy.m */ = {isa = PBXFileReference; explicitFileType = undefined; fileEncoding = 4; includeInIndex = 0; lastKnownFileType = sourcecode.c.objc; name = METRetryStrategy.m; path = "cordova-plugin-meteor-webapp/METRetryStrategy.m"; sourceTree = "<group>"; };
		D0E9408481B544BCAA16EC95 /* libGTM_NSDictionary+URLArguments.a */ = {isa = PBXFileReference; explicitFileType = undefined; fileEncoding = 9; includeInIndex = 0; lastKnownFileType = archive.ar; name = "libGTM_NSDictionary+URLArguments.a"; path = "Kurbys/Plugins/phonegap-plugin-push/GCM/Libraries/libGTM_NSDictionary+URLArguments.a"; sourceTree = "<group>"; };
		D1C4C40BF1464712A52AE728 /* libGTM_NSData+zlib.a */ = {isa = PBXFileReference; explicitFileType = undefined; fileEncoding = 9; includeInIndex = 0; lastKnownFileType = archive.ar; name = "libGTM_NSData+zlib.a"; path = "Kurbys/Plugins/phonegap-plugin-push/GCM/Libraries/libGTM_NSData+zlib.a"; sourceTree = "<group>"; };
		D208AF68D4A54DFA860EEAFB /* GCDWebServerMultiPartFormRequest.m */ = {isa = PBXFileReference; explicitFileType = undefined; fileEncoding = 4; includeInIndex = 0; lastKnownFileType = sourcecode.c.objc; name = GCDWebServerMultiPartFormRequest.m; path = "cordova-plugin-meteor-webapp/GCDWebServerMultiPartFormRequest.m"; sourceTree = "<group>"; };
		D4B7BD02899047D0B90F5B7E /* GCMService.h */ = {isa = PBXFileReference; explicitFileType = undefined; fileEncoding = 4; includeInIndex = 0; lastKnownFileType = sourcecode.c.h; name = GCMService.h; path = "phonegap-plugin-push/GCM/Headers/GCMService.h"; sourceTree = "<group>"; };
		D600AEC74ADE4EDEA3424302 /* WebAppConfiguration.swift */ = {isa = PBXFileReference; explicitFileType = undefined; fileEncoding = 4; includeInIndex = 0; lastKnownFileType = sourcecode.swift; name = WebAppConfiguration.swift; path = "cordova-plugin-meteor-webapp/WebAppConfiguration.swift"; sourceTree = "<group>"; };
		D743E50813874A32A6E90E06 /* CFNetwork.framework */ = {isa = PBXFileReference; explicitFileType = undefined; fileEncoding = 9; includeInIndex = 0; lastKnownFileType = wrapper.framework; name = CFNetwork.framework; path = System/Library/Frameworks/CFNetwork.framework; sourceTree = SDKROOT; };
		DCA730870B2D4E91A6869CF0 /* GCMReceiverDelegate.h */ = {isa = PBXFileReference; explicitFileType = undefined; fileEncoding = 4; includeInIndex = 0; lastKnownFileType = sourcecode.c.h; name = GCMReceiverDelegate.h; path = "phonegap-plugin-push/GCM/Headers/GCMReceiverDelegate.h"; sourceTree = "<group>"; };
		DD36B2130A3340C1BE4114EE /* Utility.swift */ = {isa = PBXFileReference; explicitFileType = undefined; fileEncoding = 4; includeInIndex = 0; lastKnownFileType = sourcecode.swift; name = Utility.swift; path = "cordova-plugin-meteor-webapp/Utility.swift"; sourceTree = "<group>"; };
		DD76DE865E98450F8240FE5C /* libProtocolBuffers.a */ = {isa = PBXFileReference; explicitFileType = undefined; fileEncoding = 9; includeInIndex = 0; lastKnownFileType = archive.ar; name = libProtocolBuffers.a; path = "Kurbys/Plugins/phonegap-plugin-push/GCM/Libraries/libProtocolBuffers.a"; sourceTree = "<group>"; };
		DF7CE6F437E84176A7002D00 /* libGTM_Regex.a */ = {isa = PBXFileReference; explicitFileType = undefined; fileEncoding = 9; includeInIndex = 0; lastKnownFileType = archive.ar; name = libGTM_Regex.a; path = "Kurbys/Plugins/phonegap-plugin-push/GCM/Libraries/libGTM_Regex.a"; sourceTree = "<group>"; };
		E0F2CE58230E4BB2B2A2E7B5 /* libGTM_GTMURLBuilder.a */ = {isa = PBXFileReference; explicitFileType = undefined; fileEncoding = 9; includeInIndex = 0; lastKnownFileType = archive.ar; name = libGTM_GTMURLBuilder.a; path = "Kurbys/Plugins/phonegap-plugin-push/GCM/Libraries/libGTM_GTMURLBuilder.a"; sourceTree = "<group>"; };
		E34DC4F9315F4955A497F75C /* GCDWebServerPrivate.h */ = {isa = PBXFileReference; explicitFileType = undefined; fileEncoding = 4; includeInIndex = 0; lastKnownFileType = sourcecode.c.h; name = GCDWebServerPrivate.h; path = "cordova-plugin-meteor-webapp/GCDWebServerPrivate.h"; sourceTree = "<group>"; };
		E65EF0DFE83C4402BE8171E7 /* GCDWebServerDataRequest.h */ = {isa = PBXFileReference; explicitFileType = undefined; fileEncoding = 4; includeInIndex = 0; lastKnownFileType = sourcecode.c.h; name = GCDWebServerDataRequest.h; path = "cordova-plugin-meteor-webapp/GCDWebServerDataRequest.h"; sourceTree = "<group>"; };
		E7813EE4853F48989C802D4C /* CDVViewController+SplashScreen.h */ = {isa = PBXFileReference; explicitFileType = undefined; fileEncoding = 4; includeInIndex = 0; lastKnownFileType = sourcecode.c.h; name = "CDVViewController+SplashScreen.h"; path = "cordova-plugin-splashscreen/CDVViewController+SplashScreen.h"; sourceTree = "<group>"; };
		EB7C3C3B434C40E190920DCF /* METRandomValueGenerator.h */ = {isa = PBXFileReference; explicitFileType = undefined; fileEncoding = 4; includeInIndex = 0; lastKnownFileType = sourcecode.c.h; name = METRandomValueGenerator.h; path = "cordova-plugin-meteor-webapp/METRandomValueGenerator.h"; sourceTree = "<group>"; };
		EB87FDF31871DA8E0020F90C /* www */ = {isa = PBXFileReference; lastKnownFileType = folder; name = www; path = ../../www; sourceTree = "<group>"; };
		EB87FDF41871DAF40020F90C /* config.xml */ = {isa = PBXFileReference; lastKnownFileType = text.xml; name = config.xml; path = ../../config.xml; sourceTree = "<group>"; };
		ECBADFA0EABF400983B421FC /* GCDWebServerConnection.h */ = {isa = PBXFileReference; explicitFileType = undefined; fileEncoding = 4; includeInIndex = 0; lastKnownFileType = sourcecode.c.h; name = GCDWebServerConnection.h; path = "cordova-plugin-meteor-webapp/GCDWebServerConnection.h"; sourceTree = "<group>"; };
		ED33DF2A687741AEAF9F8254 /* Bridging-Header.h */ = {isa = PBXFileReference; fileEncoding = 4; lastKnownFileType = sourcecode.c.h; path = "Bridging-Header.h"; sourceTree = "<group>"; };
		F05307953B374EB4A22FDD0B /* GCDWebServerRequest.m */ = {isa = PBXFileReference; explicitFileType = undefined; fileEncoding = 4; includeInIndex = 0; lastKnownFileType = sourcecode.c.objc; name = GCDWebServerRequest.m; path = "cordova-plugin-meteor-webapp/GCDWebServerRequest.m"; sourceTree = "<group>"; };
		F113BE3027714F9D98BAFC5A /* libGTM_iPhone.a */ = {isa = PBXFileReference; explicitFileType = undefined; fileEncoding = 9; includeInIndex = 0; lastKnownFileType = archive.ar; name = libGTM_iPhone.a; path = "Kurbys/Plugins/phonegap-plugin-push/GCM/Libraries/libGTM_iPhone.a"; sourceTree = "<group>"; };
		F2EE6748C6294AF69F2FACC0 /* GCDWebServerDataResponse.m */ = {isa = PBXFileReference; explicitFileType = undefined; fileEncoding = 4; includeInIndex = 0; lastKnownFileType = sourcecode.c.objc; name = GCDWebServerDataResponse.m; path = "cordova-plugin-meteor-webapp/GCDWebServerDataResponse.m"; sourceTree = "<group>"; };
		F62FB137EEDD49289EB324B3 /* libGcmLib.a */ = {isa = PBXFileReference; explicitFileType = undefined; fileEncoding = 9; includeInIndex = 0; lastKnownFileType = archive.ar; name = libGcmLib.a; path = "Kurbys/Plugins/phonegap-plugin-push/GCM/Libraries/libGcmLib.a"; sourceTree = "<group>"; };
		F67EBB81ED5649CB8FDD59D5 /* GCDWebServerFileRequest.h */ = {isa = PBXFileReference; explicitFileType = undefined; fileEncoding = 4; includeInIndex = 0; lastKnownFileType = sourcecode.c.h; name = GCDWebServerFileRequest.h; path = "cordova-plugin-meteor-webapp/GCDWebServerFileRequest.h"; sourceTree = "<group>"; };
		F819C78477914FDC90AABEA6 /* libGTM_core.a */ = {isa = PBXFileReference; explicitFileType = undefined; fileEncoding = 9; includeInIndex = 0; lastKnownFileType = archive.ar; name = libGTM_core.a; path = "Kurbys/Plugins/phonegap-plugin-push/GCM/Libraries/libGTM_core.a"; sourceTree = "<group>"; };
		F840E1F0165FE0F500CFE078 /* config.xml */ = {isa = PBXFileReference; lastKnownFileType = text.xml; name = config.xml; path = Kurbys/config.xml; sourceTree = "<group>"; };
		FA67B12D1EAC46A38E989125 /* libsqlite3.tbd */ = {isa = PBXFileReference; explicitFileType = undefined; fileEncoding = 9; includeInIndex = 0; lastKnownFileType = "sourcecode.text-based-dylib-definition"; name = libsqlite3.tbd; path = usr/lib/libsqlite3.tbd; sourceTree = SDKROOT; };
/* End PBXFileReference section */

/* Begin PBXFrameworksBuildPhase section */
		1D60588F0D05DD3D006BFB54 /* Frameworks */ = {
			isa = PBXFrameworksBuildPhase;
			buildActionMask = 2147483647;
			files = (
				301BF552109A68D80062928A /* libCordova.a in Frameworks */,
				C965804E69D04E66AB0A5B11 /* WebKit.framework in Frameworks */,
				A8AEE176D953477B84A85402 /* CFNetwork.framework in Frameworks */,
				898F609B52F34DAEAD2309EA /* libz.dylib in Frameworks */,
				6C51522ED7984872B42FF2A7 /* libGGLCloudMessaging.a in Frameworks */,
				2A96132377B7408CA1158674 /* libGGLCore.a in Frameworks */,
				9831A5D0F01E495183D3F78F /* libGGLInstanceIDLib.a in Frameworks */,
				E49555E967634EBC87DC55F0 /* libGIP_Reachability.a in Frameworks */,
				7DB96A891A044A919CB5842F /* libGSDK_Overload.a in Frameworks */,
				4062C411C8F04779A3B190F0 /* libGTMSessionFetcher_core.a in Frameworks */,
				92146B3DAD76440AB6A55E49 /* libGTMSessionFetcher_full.a in Frameworks */,
				24B28544D01241EDA2DAC9F7 /* libGTMStackTrace.a in Frameworks */,
				0DF00DCCC0244EA88FE8134A /* libGTM_AddressBook.a in Frameworks */,
				D0B7DD4E1A4D451F8A84B9B9 /* libGTM_DebugUtils.a in Frameworks */,
				4818FEB02E1F456382E042B4 /* libGTM_GTMURLBuilder.a in Frameworks */,
				E942BC17B6FD49659751A2BD /* libGTM_KVO.a in Frameworks */,
				D3D3D89510794DA3B07582EA /* libGTM_NSData+zlib.a in Frameworks */,
				2B834A5A5C084D5F8EE98D17 /* libGTM_NSDictionary+URLArguments.a in Frameworks */,
				4FCBBA7BD563456DB968C88E /* libGTM_NSScannerJSON.a in Frameworks */,
				A4D71EB870054C87978D818E /* libGTM_NSStringHTML.a in Frameworks */,
				3D64AEC326E94CA58B5A51C1 /* libGTM_NSStringXML.a in Frameworks */,
				3F7C0CA604674FDCA4A84027 /* libGTM_Regex.a in Frameworks */,
				B257742AB9A2497AB3B12290 /* libGTM_RoundedRectPath.a in Frameworks */,
				167AB1EED11E4C70808AC2E9 /* libGTM_StringEncoding.a in Frameworks */,
				913EA475E1CA47DAA2D0DAC6 /* libGTM_SystemVersion.a in Frameworks */,
				C2099A1D0DAC4295B031A2AC /* libGTM_UIFont+LineHeight.a in Frameworks */,
				1413E8CF532E48CA8D1856CF /* libGTM_core.a in Frameworks */,
				C982B08762434BAFB4E600DB /* libGTM_iPhone.a in Frameworks */,
				13CAC651949B42D4B9CEE61E /* libGcmLib.a in Frameworks */,
				400946BCEC744EE7BA2ECC99 /* libProtocolBuffers.a in Frameworks */,
				CADB0E329B2B4746BF49E801 /* AddressBook.framework in Frameworks */,
				1D0BAAE39DBE4BAF9CF98C91 /* libsqlite3.tbd in Frameworks */,
				3B076C8A956D4368940D8BB9 /* libz.tbd in Frameworks */,
			);
			runOnlyForDeploymentPostprocessing = 0;
		};
/* End PBXFrameworksBuildPhase section */

/* Begin PBXGroup section */
		080E96DDFE201D6D7F000001 /* Classes */ = {
			isa = PBXGroup;
			children = (
				302D95EE14D2391D003F00A1 /* MainViewController.h */,
				302D95EF14D2391D003F00A1 /* MainViewController.m */,
				302D95F014D2391D003F00A1 /* MainViewController.xib */,
				1D3623240D0F684500981E51 /* AppDelegate.h */,
				1D3623250D0F684500981E51 /* AppDelegate.m */,
			);
			name = Classes;
			path = Kurbys/Classes;
			sourceTree = SOURCE_ROOT;
		};
		19C28FACFE9D520D11CA2CBB /* Products */ = {
			isa = PBXGroup;
			children = (
				1D6058910D05DD3D006BFB54 /* Kurbys.app */,
			);
			name = Products;
			sourceTree = "<group>";
		};
		29B97314FDCFA39411CA2CEA /* CustomTemplate */ = {
			isa = PBXGroup;
			children = (
				8E32CC001FDF241B00E4885A /* Kurbys.entitlements */,
				EB87FDF41871DAF40020F90C /* config.xml */,
				EB87FDF31871DA8E0020F90C /* www */,
				EB87FDF11871DA420020F90C /* Staging */,
				301BF52D109A57CC0062928A /* CordovaLib.xcodeproj */,
				080E96DDFE201D6D7F000001 /* Classes */,
				307C750510C5A3420062BCA9 /* Plugins */,
				29B97315FDCFA39411CA2CEA /* Other Sources */,
				29B97317FDCFA39411CA2CEA /* Resources */,
				29B97323FDCFA39411CA2CEA /* Frameworks */,
				19C28FACFE9D520D11CA2CBB /* Products */,
			);
			name = CustomTemplate;
			sourceTree = "<group>";
		};
		29B97315FDCFA39411CA2CEA /* Other Sources */ = {
			isa = PBXGroup;
			children = (
				32CA4F630368D1EE00C91783 /* Kurbys-Prefix.pch */,
				29B97316FDCFA39411CA2CEA /* main.m */,
				ED33DF2A687741AEAF9F8254 /* Bridging-Header.h */,
			);
			name = "Other Sources";
			path = Kurbys;
			sourceTree = "<group>";
		};
		29B97317FDCFA39411CA2CEA /* Resources */ = {
			isa = PBXGroup;
			children = (
				0207DA571B56EA530066E2B4 /* Images.xcassets */,
				3047A50E1AB8057F00498E2A /* config */,
				8D1107310486CEB800E47090 /* Kurbys-Info.plist */,
				6AFF5BF81D6E424B00AB3073 /* CDVLaunchScreen.storyboard */,
			);
			name = Resources;
			path = Kurbys/Resources;
			sourceTree = "<group>";
		};
		29B97323FDCFA39411CA2CEA /* Frameworks */ = {
			isa = PBXGroup;
			children = (
				84DB2D72CA414B53BDF77925 /* WebKit.framework */,
				D743E50813874A32A6E90E06 /* CFNetwork.framework */,
				B4B07D62A9CA4035A78764E6 /* libz.dylib */,
				16D39D26CC9B4B03B6CF5188 /* libGGLCloudMessaging.a */,
				1D8AF7A9E84E4AF1A0A4369E /* libGGLCore.a */,
				4EADAFF3ECC74DAFA66186EF /* libGGLInstanceIDLib.a */,
				40EDCA14F5F04348B7C28EAB /* libGIP_Reachability.a */,
				3D00F9AB6C7745679D15B923 /* libGSDK_Overload.a */,
				38FC3F532216410FB7760A6D /* libGTMSessionFetcher_core.a */,
				86A628B8C908450F8D16C71C /* libGTMSessionFetcher_full.a */,
				57E2E0576CE64BB8BA8486C5 /* libGTMStackTrace.a */,
				9F1315F53E3F4E42AF0C3672 /* libGTM_AddressBook.a */,
				1D8A757CC43F4A5DB78D6DFD /* libGTM_DebugUtils.a */,
				E0F2CE58230E4BB2B2A2E7B5 /* libGTM_GTMURLBuilder.a */,
				6C8FF8234DBB4790B0E2202A /* libGTM_KVO.a */,
				D1C4C40BF1464712A52AE728 /* libGTM_NSData+zlib.a */,
				D0E9408481B544BCAA16EC95 /* libGTM_NSDictionary+URLArguments.a */,
				AE45D5345AB840B09E48D2FB /* libGTM_NSScannerJSON.a */,
				997A6BFFB7664A2E805F935A /* libGTM_NSStringHTML.a */,
				5DF29F2C9805404BB0932070 /* libGTM_NSStringXML.a */,
				DF7CE6F437E84176A7002D00 /* libGTM_Regex.a */,
				2CDC86539B364EE3B5595B89 /* libGTM_RoundedRectPath.a */,
				89BBF75A02B443039FCDD64E /* libGTM_StringEncoding.a */,
				BC89ABAAA3194555A008E1BC /* libGTM_SystemVersion.a */,
				37CAA4175FFC4E6D8F791B21 /* libGTM_UIFont+LineHeight.a */,
				F819C78477914FDC90AABEA6 /* libGTM_core.a */,
				F113BE3027714F9D98BAFC5A /* libGTM_iPhone.a */,
				F62FB137EEDD49289EB324B3 /* libGcmLib.a */,
				DD76DE865E98450F8240FE5C /* libProtocolBuffers.a */,
				82C43F4B37DD448BB355DEF3 /* AddressBook.framework */,
				FA67B12D1EAC46A38E989125 /* libsqlite3.tbd */,
				5357D0BE79464441BC4C83F4 /* libz.tbd */,
			);
			name = Frameworks;
			sourceTree = "<group>";
		};
		301BF52E109A57CC0062928A /* Products */ = {
			isa = PBXGroup;
			children = (
				301BF535109A57CC0062928A /* libCordova.a */,
				8E32CBFF1FDF22D500E4885A /* Cordova.framework */,
			);
			name = Products;
			sourceTree = "<group>";
		};
		3047A50E1AB8057F00498E2A /* config */ = {
			isa = PBXGroup;
			children = (
				3047A50F1AB8059700498E2A /* build-debug.xcconfig */,
				3047A5101AB8059700498E2A /* build-release.xcconfig */,
				3047A5111AB8059700498E2A /* build.xcconfig */,
			);
			name = config;
			sourceTree = "<group>";
		};
		307C750510C5A3420062BCA9 /* Plugins */ = {
			isa = PBXGroup;
			children = (
				4A14527BCE934B4AA96E8CD3 /* CDVWKWebViewEngine.m */,
				0AFCDBEFE2F0411AAE4C78A2 /* CDVWKWebViewUIDelegate.m */,
				1E2B890BE12E463BB483293E /* CDVWKProcessPoolFactory.m */,
				02CB6AC253E44904A82FD825 /* CDVWKWebViewEngine.h */,
				7E8FFCC875FE46458BE7734C /* CDVWKWebViewUIDelegate.h */,
				C9AC79DEB2DC4589A7A58689 /* CDVWKProcessPoolFactory.h */,
				584407E3E94B4DC6AEA47F81 /* WebAppLocalServer.swift */,
				D600AEC74ADE4EDEA3424302 /* WebAppConfiguration.swift */,
				B469D299520741138D226E76 /* AssetBundleManager.swift */,
				B8ED84B1C4094DFE8CAAB25E /* AssetBundle.swift */,
				A9C4C49DF7544966BA3820BC /* Asset.swift */,
				CD32729B4F184534A70B805E /* AssetBundleDownloader.swift */,
				27C2F4575E7649AE9D467742 /* AssetManifest.swift */,
				997DFB894CBA42DFB39E626B /* Errors.swift */,
				DD36B2130A3340C1BE4114EE /* Utility.swift */,
				110A28CBA92148C0AC3D1F03 /* METPlugin.m */,
				728B2973041F485EAFC12999 /* METTimer.m */,
				CE9CB2D8F20042BC9CDB909B /* METRetryStrategy.m */,
				4F22E305952C4134B23874C2 /* METNetworkReachabilityManager.m */,
				1C280709BD4146F1AA65324F /* METRandomValueGenerator.m */,
				40AEB930A6B3414F847F3A58 /* GCDWebServer.m */,
				44D161536AAB473C84F7C2FC /* GCDWebServerConnection.m */,
				67399206195847CCA272DB80 /* GCDWebServerFunctions.m */,
				F05307953B374EB4A22FDD0B /* GCDWebServerRequest.m */,
				5F25B63DD4E04861886C606A /* GCDWebServerResponse.m */,
				A35444C306224E7BA03E7946 /* GCDWebServerDataRequest.m */,
				0B04DFCB158F4AB1A9CBB315 /* GCDWebServerFileRequest.m */,
				D208AF68D4A54DFA860EEAFB /* GCDWebServerMultiPartFormRequest.m */,
				A37BB6E7787B4A159D0FA8FA /* GCDWebServerURLEncodedFormRequest.m */,
				F2EE6748C6294AF69F2FACC0 /* GCDWebServerDataResponse.m */,
				A678D79A291E46A1A65C02F9 /* GCDWebServerErrorResponse.m */,
				0E039BCBD2C54A0A9799B06D /* GCDWebServerFileResponse.m */,
				89873157F0E54F349F54C431 /* GCDWebServerStreamedResponse.m */,
				0B15A5FE191C46E1A616B02F /* cordova-plugin-meteor-webapp-Bridging-Header.h */,
				03044E6DAA1D48D489D070A2 /* METPlugin.h */,
				24B6FC5567064A51B40D35CD /* METTimer.h */,
				095E3EA5F8314D1B8DBD574E /* METRetryStrategy.h */,
				2564AFF415314F25A58A212C /* METNetworkReachabilityManager.h */,
				EB7C3C3B434C40E190920DCF /* METRandomValueGenerator.h */,
				2C437F4A336840A5BA24874B /* GCDWebServer.h */,
				ECBADFA0EABF400983B421FC /* GCDWebServerConnection.h */,
				BB07D528214A405AA8F8110E /* GCDWebServerFunctions.h */,
				0C5D4996C5084EE4B9170AA0 /* GCDWebServerHTTPStatusCodes.h */,
				E34DC4F9315F4955A497F75C /* GCDWebServerPrivate.h */,
				3456549F1B014877A4DC699F /* GCDWebServerRequest.h */,
				65D51003BE334CAE8369882A /* GCDWebServerResponse.h */,
				E65EF0DFE83C4402BE8171E7 /* GCDWebServerDataRequest.h */,
				F67EBB81ED5649CB8FDD59D5 /* GCDWebServerFileRequest.h */,
				BD190C948A1245C2968C2867 /* GCDWebServerMultiPartFormRequest.h */,
				0D808CBE1BF74CA599BA10AC /* GCDWebServerURLEncodedFormRequest.h */,
				9CCD0E51E7D744FF8C7C705F /* GCDWebServerDataResponse.h */,
				218F46DC872B4FEDAD65ABEE /* GCDWebServerErrorResponse.h */,
				286E5E85C8554095B52D6686 /* GCDWebServerFileResponse.h */,
				97D50DA1B4374D3784EFB339 /* GCDWebServerStreamedResponse.h */,
				A0F735E6771E4FEAA6C20D60 /* CDVStatusBar.m */,
				33705D33A3394F08831F74F1 /* CDVStatusBar.h */,
				323E3AA1B1E84128B155D0D2 /* CDVSplashScreen.m */,
				B8BF4E3FD4E5472C84CF6F16 /* CDVViewController+SplashScreen.m */,
				2ADA1B84656443C0B602CB38 /* CDVSplashScreen.h */,
				E7813EE4853F48989C802D4C /* CDVViewController+SplashScreen.h */,
				2C06930F89454E54B65075DA /* AppDelegate+notification.m */,
				87B3088865084F4B99EC9E7B /* PushPlugin.m */,
				12FEA41428C54BC385AAE4C9 /* AppDelegate+notification.h */,
				A5CB64ECC3284145B3452F08 /* PushPlugin.h */,
				765A368504BE4B7FB0FE4481 /* GGLInstanceID.h */,
				B4F2DC96358649ADB3BCF824 /* GGLInstanceIDConfig.h */,
				89EB0F5F38F44CAFA6B7E1EC /* GGLInstanceIDDelegate.h */,
				7AC4D065939144FA9982F5E0 /* GGLInstanceIDHeaders.h */,
				8EF5F360392F49BAB63682E7 /* CloudMessaging.h */,
				000F3632BCC940689AD29C08 /* GGLContext+CloudMessaging.h */,
				71D1FAD3E20C4379ADBA13CB /* Core.h */,
				A76D50C4452B41C3ABC1C8B6 /* GGLConfiguration.h */,
				1526AB93F8BC4E57AFEC9AB8 /* GGLContext.h */,
				CC6D6BB3D718468C9BCCC500 /* GGLErrorCode.h */,
				7C00A8926DB145A28874003F /* GCMConfig.h */,
				0B1F831BBF4844EAAFECFF51 /* GCMPubSub.h */,
				DCA730870B2D4E91A6869CF0 /* GCMReceiverDelegate.h */,
				D4B7BD02899047D0B90F5B7E /* GCMService.h */,
				A3308EE330E94A349B52442D /* GoogleCloudMessaging.h */,
			);
			name = Plugins;
			path = Kurbys/Plugins;
			sourceTree = SOURCE_ROOT;
		};
		EB87FDF11871DA420020F90C /* Staging */ = {
			isa = PBXGroup;
			children = (
				F840E1F0165FE0F500CFE078 /* config.xml */,
				301BF56E109A69640062928A /* www */,
			);
			name = Staging;
			sourceTree = "<group>";
		};
/* End PBXGroup section */

/* Begin PBXNativeTarget section */
		1D6058900D05DD3D006BFB54 /* Kurbys */ = {
			isa = PBXNativeTarget;
			buildConfigurationList = 1D6058960D05DD3E006BFB54 /* Build configuration list for PBXNativeTarget "Kurbys" */;
			buildPhases = (
				304B58A110DAC018002A0835 /* Copy www directory */,
				1D60588D0D05DD3D006BFB54 /* Resources */,
				1D60588E0D05DD3D006BFB54 /* Sources */,
				1D60588F0D05DD3D006BFB54 /* Frameworks */,
			);
			buildRules = (
			);
			dependencies = (
				301BF551109A68C00062928A /* PBXTargetDependency */,
			);
			name = Kurbys;
			productName = Kurbys;
			productReference = 1D6058910D05DD3D006BFB54 /* Kurbys.app */;
			productType = "com.apple.product-type.application";
		};
/* End PBXNativeTarget section */

/* Begin PBXProject section */
		29B97313FDCFA39411CA2CEA /* Project object */ = {
			isa = PBXProject;
			attributes = {
				LastUpgradeCheck = 510;
				TargetAttributes = {
					1D6058900D05DD3D006BFB54 = {
						DevelopmentTeam = 42FHSBPNG2;
						ProvisioningStyle = Automatic;
						SystemCapabilities = {
							com.apple.Push = {
								enabled = 0;
							};
						};
					};
				};
			};
			buildConfigurationList = C01FCF4E08A954540054247B /* Build configuration list for PBXProject "Kurbys" */;
			compatibilityVersion = "Xcode 3.2";
			developmentRegion = English;
			hasScannedForEncodings = 1;
			knownRegions = (
				en,
			);
			mainGroup = 29B97314FDCFA39411CA2CEA /* CustomTemplate */;
			projectDirPath = "";
			projectReferences = (
				{
					ProductGroup = 301BF52E109A57CC0062928A /* Products */;
					ProjectRef = 301BF52D109A57CC0062928A /* CordovaLib.xcodeproj */;
				},
			);
			projectRoot = "";
			targets = (
				1D6058900D05DD3D006BFB54 /* Kurbys */,
			);
		};
/* End PBXProject section */

/* Begin PBXReferenceProxy section */
		301BF535109A57CC0062928A /* libCordova.a */ = {
			isa = PBXReferenceProxy;
			fileType = archive.ar;
			path = libCordova.a;
			remoteRef = 301BF534109A57CC0062928A /* PBXContainerItemProxy */;
			sourceTree = BUILT_PRODUCTS_DIR;
		};
		8E32CBFF1FDF22D500E4885A /* Cordova.framework */ = {
			isa = PBXReferenceProxy;
			fileType = wrapper.framework;
			path = Cordova.framework;
			remoteRef = 8E32CBFE1FDF22D500E4885A /* PBXContainerItemProxy */;
			sourceTree = BUILT_PRODUCTS_DIR;
		};
/* End PBXReferenceProxy section */

/* Begin PBXResourcesBuildPhase section */
		1D60588D0D05DD3D006BFB54 /* Resources */ = {
			isa = PBXResourcesBuildPhase;
			buildActionMask = 2147483647;
			files = (
				302D95F214D2391D003F00A1 /* MainViewController.xib in Resources */,
				0207DA581B56EA530066E2B4 /* Images.xcassets in Resources */,
				6AFF5BF91D6E424B00AB3073 /* CDVLaunchScreen.storyboard in Resources */,
			);
			runOnlyForDeploymentPostprocessing = 0;
		};
/* End PBXResourcesBuildPhase section */

/* Begin PBXShellScriptBuildPhase section */
		304B58A110DAC018002A0835 /* Copy www directory */ = {
			isa = PBXShellScriptBuildPhase;
			buildActionMask = 2147483647;
			files = (
			);
			inputPaths = (
			);
			name = "Copy www directory";
			outputPaths = (
			);
			runOnlyForDeploymentPostprocessing = 0;
			shellPath = /bin/sh;
			shellScript = "NODEJS_PATH=/usr/local/bin; NVM_NODE_PATH=~/.nvm/versions/node/`nvm version 2>/dev/null`/bin; N_NODE_PATH=`find /usr/local/n/versions/node/* -maxdepth 0 -type d 2>/dev/null | tail -1`/bin; XCODE_NODE_PATH=`xcode-select --print-path`/usr/share/xcs/Node/bin; PATH=$NODEJS_PATH:$NVM_NODE_PATH:$N_NODE_PATH:$XCODE_NODE_PATH:$PATH && node cordova/lib/copy-www-build-step.js";
			showEnvVarsInLog = 0;
		};
/* End PBXShellScriptBuildPhase section */

/* Begin PBXSourcesBuildPhase section */
		1D60588E0D05DD3D006BFB54 /* Sources */ = {
			isa = PBXSourcesBuildPhase;
			buildActionMask = 2147483647;
			files = (
				1D60589B0D05DD56006BFB54 /* main.m in Sources */,
				1D3623260D0F684500981E51 /* AppDelegate.m in Sources */,
				302D95F114D2391D003F00A1 /* MainViewController.m in Sources */,
				517DB1D41FE0409FA05B79C1 /* CDVWKWebViewEngine.m in Sources */,
				9BFBEC2F8D0F43129FF943B9 /* CDVWKWebViewUIDelegate.m in Sources */,
				E0BF540ECF944A3598DE0ABE /* CDVWKProcessPoolFactory.m in Sources */,
				139699CE8F744E67A10743C3 /* WebAppLocalServer.swift in Sources */,
				2284FC88A73143CBAA6689AE /* WebAppConfiguration.swift in Sources */,
				1F2C06C1A5A949988C96BF6F /* AssetBundleManager.swift in Sources */,
				105423FFF1494894956B62C7 /* AssetBundle.swift in Sources */,
				5053A62E91DC4357AD0F2EC0 /* Asset.swift in Sources */,
				B5D488C9EAA040D8AB05E9D2 /* AssetBundleDownloader.swift in Sources */,
				88CEEE717936439286AAC3C8 /* AssetManifest.swift in Sources */,
				A38FC549E84E4BD8B4FD6503 /* Errors.swift in Sources */,
				4935129145A54274A07C48CF /* Utility.swift in Sources */,
				4FDA8FECEF34408992BF19AB /* METPlugin.m in Sources */,
				F41D41E4C2D14CC9996495AB /* METTimer.m in Sources */,
				C9275F4A111843D5B2E8B5F5 /* METRetryStrategy.m in Sources */,
				81EA61E7AAB04E2C95BF9CF7 /* METNetworkReachabilityManager.m in Sources */,
				8157574647A74A39AE38D244 /* METRandomValueGenerator.m in Sources */,
				6C3FDA55CCF443CCA0DC55BB /* GCDWebServer.m in Sources */,
				F54BB7A9FD8F4B83B9182BCF /* GCDWebServerConnection.m in Sources */,
				C69DC594BF96435D951E989F /* GCDWebServerFunctions.m in Sources */,
				FAAAC3AD4BA94413AF4EB019 /* GCDWebServerRequest.m in Sources */,
				7626738AF19843CAA81AA31E /* GCDWebServerResponse.m in Sources */,
				E6F50795B5F5404BAED3706D /* GCDWebServerDataRequest.m in Sources */,
				2B0A498086A149D781B9E7F1 /* GCDWebServerFileRequest.m in Sources */,
				9342C4B628A04E77A3E081A9 /* GCDWebServerMultiPartFormRequest.m in Sources */,
				77F2E1513C0E44E9B1F56916 /* GCDWebServerURLEncodedFormRequest.m in Sources */,
				260875884A7745C39BD163B8 /* GCDWebServerDataResponse.m in Sources */,
				662A65C72D7745B6841CDD1B /* GCDWebServerErrorResponse.m in Sources */,
				87D93E5C144345DC9BCA32B5 /* GCDWebServerFileResponse.m in Sources */,
				C3E4194CE55546BFA6159864 /* GCDWebServerStreamedResponse.m in Sources */,
				A7EB8DFE96164A3BAE517F7D /* CDVStatusBar.m in Sources */,
				68E0D917E8AA48018D3C2DE3 /* CDVSplashScreen.m in Sources */,
				77AEE224713A44FD8B7EA6EB /* CDVViewController+SplashScreen.m in Sources */,
				27DE00C424414C44BF73BDC1 /* AppDelegate+notification.m in Sources */,
				871D22E46D44458288A7068D /* PushPlugin.m in Sources */,
			);
			runOnlyForDeploymentPostprocessing = 0;
		};
/* End PBXSourcesBuildPhase section */

/* Begin PBXTargetDependency section */
		301BF551109A68C00062928A /* PBXTargetDependency */ = {
			isa = PBXTargetDependency;
			name = CordovaLib;
			targetProxy = 301BF550109A68C00062928A /* PBXContainerItemProxy */;
		};
/* End PBXTargetDependency section */

/* Begin XCBuildConfiguration section */
		1D6058940D05DD3E006BFB54 /* Debug */ = {
			isa = XCBuildConfiguration;
			baseConfigurationReference = 3047A50F1AB8059700498E2A /* build-debug.xcconfig */;
			buildSettings = {
				ALWAYS_SEARCH_USER_PATHS = NO;
				ASSETCATALOG_COMPILER_APPICON_NAME = AppIcon;
				ASSETCATALOG_COMPILER_LAUNCHIMAGE_NAME = LaunchImage;
				CLANG_ENABLE_MODULES = YES;
				CLANG_ENABLE_OBJC_ARC = YES;
				"CODE_SIGN_IDENTITY[sdk=iphoneos*]" = "iPhone Developer";
				CODE_SIGN_STYLE = Automatic;
				COPY_PHASE_STRIP = NO;
				DEVELOPMENT_TEAM = "";
				GCC_DYNAMIC_NO_PIC = NO;
				GCC_OPTIMIZATION_LEVEL = 0;
				GCC_PRECOMPILE_PREFIX_HEADER = YES;
				GCC_PREFIX_HEADER = "Kurbys/Kurbys-Prefix.pch";
				GCC_THUMB_SUPPORT = NO;
				GCC_VERSION = "";
				INFOPLIST_FILE = "Kurbys/Kurbys-Info.plist";
				IPHONEOS_DEPLOYMENT_TARGET = 9.0;
				LD_RUNPATH_SEARCH_PATHS = "@executable_path/Frameworks";
				LIBRARY_SEARCH_PATHS = (
					"$(inherited)",
					"\"$(SRCROOT)/Kurbys/Plugins/phonegap-plugin-push/GCM/Libraries\"",
					"\"$(SRCROOT)/Kurbys/Plugins/phonegap-plugin-push/GCM/Libraries\"",
					"\"$(SRCROOT)/Kurbys/Plugins/phonegap-plugin-push/GCM/Libraries\"",
					"\"$(SRCROOT)/Kurbys/Plugins/phonegap-plugin-push/GCM/Libraries\"",
					"\"$(SRCROOT)/Kurbys/Plugins/phonegap-plugin-push/GCM/Libraries\"",
					"\"$(SRCROOT)/Kurbys/Plugins/phonegap-plugin-push/GCM/Libraries\"",
					"\"$(SRCROOT)/Kurbys/Plugins/phonegap-plugin-push/GCM/Libraries\"",
					"\"$(SRCROOT)/Kurbys/Plugins/phonegap-plugin-push/GCM/Libraries\"",
					"\"$(SRCROOT)/Kurbys/Plugins/phonegap-plugin-push/GCM/Libraries\"",
					"\"$(SRCROOT)/Kurbys/Plugins/phonegap-plugin-push/GCM/Libraries\"",
					"\"$(SRCROOT)/Kurbys/Plugins/phonegap-plugin-push/GCM/Libraries\"",
					"\"$(SRCROOT)/Kurbys/Plugins/phonegap-plugin-push/GCM/Libraries\"",
					"\"$(SRCROOT)/Kurbys/Plugins/phonegap-plugin-push/GCM/Libraries\"",
					"\"$(SRCROOT)/Kurbys/Plugins/phonegap-plugin-push/GCM/Libraries\"",
					"\"$(SRCROOT)/Kurbys/Plugins/phonegap-plugin-push/GCM/Libraries\"",
					"\"$(SRCROOT)/Kurbys/Plugins/phonegap-plugin-push/GCM/Libraries\"",
					"\"$(SRCROOT)/Kurbys/Plugins/phonegap-plugin-push/GCM/Libraries\"",
					"\"$(SRCROOT)/Kurbys/Plugins/phonegap-plugin-push/GCM/Libraries\"",
					"\"$(SRCROOT)/Kurbys/Plugins/phonegap-plugin-push/GCM/Libraries\"",
					"\"$(SRCROOT)/Kurbys/Plugins/phonegap-plugin-push/GCM/Libraries\"",
					"\"$(SRCROOT)/Kurbys/Plugins/phonegap-plugin-push/GCM/Libraries\"",
					"\"$(SRCROOT)/Kurbys/Plugins/phonegap-plugin-push/GCM/Libraries\"",
					"\"$(SRCROOT)/Kurbys/Plugins/phonegap-plugin-push/GCM/Libraries\"",
					"\"$(SRCROOT)/Kurbys/Plugins/phonegap-plugin-push/GCM/Libraries\"",
					"\"$(SRCROOT)/Kurbys/Plugins/phonegap-plugin-push/GCM/Libraries\"",
					"\"$(SRCROOT)/Kurbys/Plugins/phonegap-plugin-push/GCM/Libraries\"",
				);
				PRODUCT_NAME = Kurbys;
				PROVISIONING_PROFILE = "";
				PROVISIONING_PROFILE_SPECIFIER = "";
				SWIFT_VERSION = 3.0;
				TARGETED_DEVICE_FAMILY = "1,2";
			};
			name = Debug;
		};
		1D6058950D05DD3E006BFB54 /* Release */ = {
			isa = XCBuildConfiguration;
			baseConfigurationReference = 3047A5101AB8059700498E2A /* build-release.xcconfig */;
			buildSettings = {
				ALWAYS_SEARCH_USER_PATHS = NO;
				ASSETCATALOG_COMPILER_APPICON_NAME = AppIcon;
				ASSETCATALOG_COMPILER_LAUNCHIMAGE_NAME = LaunchImage;
				CLANG_ENABLE_MODULES = YES;
				CLANG_ENABLE_OBJC_ARC = YES;
				"CODE_SIGN_IDENTITY[sdk=iphoneos*]" = "iPhone Developer";
				CODE_SIGN_STYLE = Automatic;
				COPY_PHASE_STRIP = YES;
				DEVELOPMENT_TEAM = "";
				GCC_PRECOMPILE_PREFIX_HEADER = YES;
				GCC_PREFIX_HEADER = "Kurbys/Kurbys-Prefix.pch";
				GCC_THUMB_SUPPORT = NO;
				GCC_VERSION = "";
				INFOPLIST_FILE = "Kurbys/Kurbys-Info.plist";
				IPHONEOS_DEPLOYMENT_TARGET = 9.0;
				LD_RUNPATH_SEARCH_PATHS = "@executable_path/Frameworks";
				LIBRARY_SEARCH_PATHS = (
					"$(inherited)",
					"\"$(SRCROOT)/Kurbys/Plugins/phonegap-plugin-push/GCM/Libraries\"",
					"\"$(SRCROOT)/Kurbys/Plugins/phonegap-plugin-push/GCM/Libraries\"",
					"\"$(SRCROOT)/Kurbys/Plugins/phonegap-plugin-push/GCM/Libraries\"",
					"\"$(SRCROOT)/Kurbys/Plugins/phonegap-plugin-push/GCM/Libraries\"",
					"\"$(SRCROOT)/Kurbys/Plugins/phonegap-plugin-push/GCM/Libraries\"",
					"\"$(SRCROOT)/Kurbys/Plugins/phonegap-plugin-push/GCM/Libraries\"",
					"\"$(SRCROOT)/Kurbys/Plugins/phonegap-plugin-push/GCM/Libraries\"",
					"\"$(SRCROOT)/Kurbys/Plugins/phonegap-plugin-push/GCM/Libraries\"",
					"\"$(SRCROOT)/Kurbys/Plugins/phonegap-plugin-push/GCM/Libraries\"",
					"\"$(SRCROOT)/Kurbys/Plugins/phonegap-plugin-push/GCM/Libraries\"",
					"\"$(SRCROOT)/Kurbys/Plugins/phonegap-plugin-push/GCM/Libraries\"",
					"\"$(SRCROOT)/Kurbys/Plugins/phonegap-plugin-push/GCM/Libraries\"",
					"\"$(SRCROOT)/Kurbys/Plugins/phonegap-plugin-push/GCM/Libraries\"",
					"\"$(SRCROOT)/Kurbys/Plugins/phonegap-plugin-push/GCM/Libraries\"",
					"\"$(SRCROOT)/Kurbys/Plugins/phonegap-plugin-push/GCM/Libraries\"",
					"\"$(SRCROOT)/Kurbys/Plugins/phonegap-plugin-push/GCM/Libraries\"",
					"\"$(SRCROOT)/Kurbys/Plugins/phonegap-plugin-push/GCM/Libraries\"",
					"\"$(SRCROOT)/Kurbys/Plugins/phonegap-plugin-push/GCM/Libraries\"",
					"\"$(SRCROOT)/Kurbys/Plugins/phonegap-plugin-push/GCM/Libraries\"",
					"\"$(SRCROOT)/Kurbys/Plugins/phonegap-plugin-push/GCM/Libraries\"",
					"\"$(SRCROOT)/Kurbys/Plugins/phonegap-plugin-push/GCM/Libraries\"",
					"\"$(SRCROOT)/Kurbys/Plugins/phonegap-plugin-push/GCM/Libraries\"",
					"\"$(SRCROOT)/Kurbys/Plugins/phonegap-plugin-push/GCM/Libraries\"",
					"\"$(SRCROOT)/Kurbys/Plugins/phonegap-plugin-push/GCM/Libraries\"",
					"\"$(SRCROOT)/Kurbys/Plugins/phonegap-plugin-push/GCM/Libraries\"",
					"\"$(SRCROOT)/Kurbys/Plugins/phonegap-plugin-push/GCM/Libraries\"",
				);
				PRODUCT_NAME = Kurbys;
				PROVISIONING_PROFILE = "";
				PROVISIONING_PROFILE_SPECIFIER = "";
				SWIFT_VERSION = 3.0;
				TARGETED_DEVICE_FAMILY = "1,2";
			};
			name = Release;
		};
		C01FCF4F08A954540054247B /* Debug */ = {
			isa = XCBuildConfiguration;
			baseConfigurationReference = 3047A5111AB8059700498E2A /* build.xcconfig */;
			buildSettings = {
				ASSETCATALOG_COMPILER_LAUNCHIMAGE_NAME = LaunchImage;
				CLANG_ENABLE_MODULES = YES;
				CLANG_ENABLE_OBJC_ARC = YES;
				CLANG_WARN_BOOL_CONVERSION = YES;
				CLANG_WARN_CONSTANT_CONVERSION = YES;
				CLANG_WARN_EMPTY_BODY = YES;
				CLANG_WARN_ENUM_CONVERSION = YES;
				CLANG_WARN_INT_CONVERSION = YES;
				CLANG_WARN__DUPLICATE_METHOD_MATCH = YES;
				GCC_C_LANGUAGE_STANDARD = c99;
				GCC_THUMB_SUPPORT = NO;
				GCC_VERSION = "";
				GCC_WARN_ABOUT_RETURN_TYPE = YES;
				GCC_WARN_UNDECLARED_SELECTOR = YES;
				GCC_WARN_UNINITIALIZED_AUTOS = YES;
				GCC_WARN_UNUSED_FUNCTION = YES;
				GCC_WARN_UNUSED_VARIABLE = YES;
				ONLY_ACTIVE_ARCH = YES;
				SDKROOT = iphoneos;
				SKIP_INSTALL = NO;
				SWIFT_VERSION = 3.0;
			};
			name = Debug;
		};
		C01FCF5008A954540054247B /* Release */ = {
			isa = XCBuildConfiguration;
			baseConfigurationReference = 3047A5111AB8059700498E2A /* build.xcconfig */;
			buildSettings = {
				ASSETCATALOG_COMPILER_LAUNCHIMAGE_NAME = LaunchImage;
				CLANG_ENABLE_MODULES = YES;
				CLANG_ENABLE_OBJC_ARC = YES;
				CLANG_WARN_BOOL_CONVERSION = YES;
				CLANG_WARN_CONSTANT_CONVERSION = YES;
				CLANG_WARN_EMPTY_BODY = YES;
				CLANG_WARN_ENUM_CONVERSION = YES;
				CLANG_WARN_INT_CONVERSION = YES;
				CLANG_WARN__DUPLICATE_METHOD_MATCH = YES;
				GCC_C_LANGUAGE_STANDARD = c99;
				GCC_THUMB_SUPPORT = NO;
				GCC_VERSION = "";
				GCC_WARN_ABOUT_RETURN_TYPE = YES;
				GCC_WARN_UNDECLARED_SELECTOR = YES;
				GCC_WARN_UNINITIALIZED_AUTOS = YES;
				GCC_WARN_UNUSED_FUNCTION = YES;
				GCC_WARN_UNUSED_VARIABLE = YES;
				SDKROOT = iphoneos;
				SKIP_INSTALL = NO;
				SWIFT_VERSION = 3.0;
			};
			name = Release;
		};
/* End XCBuildConfiguration section */

/* Begin XCConfigurationList section */
		1D6058960D05DD3E006BFB54 /* Build configuration list for PBXNativeTarget "Kurbys" */ = {
			isa = XCConfigurationList;
			buildConfigurations = (
				1D6058940D05DD3E006BFB54 /* Debug */,
				1D6058950D05DD3E006BFB54 /* Release */,
			);
			defaultConfigurationIsVisible = 0;
			defaultConfigurationName = Release;
		};
		C01FCF4E08A954540054247B /* Build configuration list for PBXProject "Kurbys" */ = {
			isa = XCConfigurationList;
			buildConfigurations = (
				C01FCF4F08A954540054247B /* Debug */,
				C01FCF5008A954540054247B /* Release */,
			);
			defaultConfigurationIsVisible = 0;
			defaultConfigurationName = Release;
		};
/* End XCConfigurationList section */
	};
	rootObject = 29B97313FDCFA39411CA2CEA /* Project object */;
}
